<?xml version="1.0" encoding="utf-8"?>
<Project ToolsVersion="4.0" xmlns="http://schemas.microsoft.com/developer/msbuild/2003">
  <ItemGroup>
    <ClInclude Include="pch.h" />
    <ClInclude Include="android_native_app_glue.h" />
    <ClInclude Include="..\..\..\_source\include\CMainClass.h">
      <Filter>Headerdateien</Filter>
    </ClInclude>
    <ClInclude Include="..\..\..\_source\include\CGlobal.h">
      <Filter>Headerdateien</Filter>
    </ClInclude>
    <ClInclude Include="..\..\..\_source\include\controller\CControllerBase.h">
      <Filter>Headerdateien\controller</Filter>
    </ClInclude>
    <ClInclude Include="..\..\..\_source\include\gui\CButtonRenderer.h">
      <Filter>Headerdateien\gui</Filter>
    </ClInclude>
    <ClInclude Include="..\..\..\_source\include\gui\CClipImage.h">
      <Filter>Headerdateien\gui</Filter>
    </ClInclude>
    <ClInclude Include="..\..\..\_source\include\gui\CControllerUi.h">
      <Filter>Headerdateien\gui</Filter>
    </ClInclude>
    <ClInclude Include="..\..\..\_source\include\gui\CDustbinCheckbox.h">
      <Filter>Headerdateien\gui</Filter>
    </ClInclude>
    <ClInclude Include="..\..\..\_source\include\gui\CGuiItemFactory.h">
      <Filter>Headerdateien\gui</Filter>
    </ClInclude>
    <ClInclude Include="..\..\..\_source\include\gui\CMenuBackground.h">
      <Filter>Headerdateien\gui</Filter>
    </ClInclude>
    <ClInclude Include="..\..\..\_source\include\gui\CMenuButton.h">
      <Filter>Headerdateien\gui</Filter>
    </ClInclude>
    <ClInclude Include="..\..\..\_source\include\gui\CReactiveLabel.h">
      <Filter>Headerdateien\gui</Filter>
    </ClInclude>
    <ClInclude Include="..\..\..\_source\include\gui\CSelector.h">
      <Filter>Headerdateien\gui</Filter>
    </ClInclude>
    <ClInclude Include="..\..\..\_source\include\gui\CTrackButton.h">
      <Filter>Headerdateien\gui</Filter>
    </ClInclude>
    <ClInclude Include="..\..\..\_source\include\helpers\CMenuLoader.h">
      <Filter>Headerdateien\helpers</Filter>
    </ClInclude>
    <ClInclude Include="..\..\..\_source\include\helpers\CStringHelpers.h">
      <Filter>Headerdateien\helpers</Filter>
    </ClInclude>
    <ClInclude Include="..\..\..\_source\include\helpers\CTextureHelpers.h">
      <Filter>Headerdateien\helpers</Filter>
    </ClInclude>
    <ClInclude Include="..\..\..\_source\include\platform\CPlatform.h">
      <Filter>Headerdateien\platform</Filter>
    </ClInclude>
    <ClInclude Include="..\..\..\_source\include\state\CMenuState.h">
      <Filter>Headerdateien\state</Filter>
    </ClInclude>
    <ClInclude Include="..\..\..\_source\include\state\IState.h">
      <Filter>Headerdateien\state</Filter>
    </ClInclude>
    <ClInclude Include="..\..\..\_source\include\data\CDataStructs.h">
      <Filter>Headerdateien\data</Filter>
    </ClInclude>
    <ClInclude Include="..\..\..\_source\include\menu\IMenuHandler.h">
      <Filter>Headerdateien\menu</Filter>
    </ClInclude>
    <ClInclude Include="..\..\..\_source\include\menu\IMenuManager.h">
      <Filter>Headerdateien\menu</Filter>
    </ClInclude>
    <ClInclude Include="..\..\..\_source\include\controller\ICustomEventReceiver.h">
      <Filter>Headerdateien\controller</Filter>
    </ClInclude>
    <ClInclude Include="..\..\..\_source\include\menu\CMenuFactory.h">
      <Filter>Headerdateien\menu</Filter>
    </ClInclude>
    <ClInclude Include="..\..\..\_source\include\controller\CControllerGame.h">
      <Filter>Headerdateien\controller</Filter>
    </ClInclude>
    <ClInclude Include="..\..\..\_source\include\controller\CControllerMenu.h">
      <Filter>Headerdateien\controller</Filter>
    </ClInclude>
    <ClInclude Include="..\..\..\_source\include\controller\IJoystickEventHandler.h">
      <Filter>Headerdateien\controller</Filter>
    </ClInclude>
    <ClInclude Include="..\..\..\_source\include\messages\CMessageHelpers.h">
      <Filter>Headerdateien\messages</Filter>
    </ClInclude>
    <ClInclude Include="..\..\..\_source\include\messages\CSerializer64.h">
      <Filter>Headerdateien\messages</Filter>
    </ClInclude>
    <ClInclude Include="..\..\..\_source\include\messages\IMessage.h">
      <Filter>Headerdateien\messages</Filter>
    </ClInclude>
    <ClInclude Include="..\..\..\_source\include\messages\ISerializer.h">
      <Filter>Headerdateien\messages</Filter>
    </ClInclude>
    <ClInclude Include="..\..\..\_source\include\Defines.h">
      <Filter>Headerdateien</Filter>
    </ClInclude>
    <ClInclude Include="..\..\..\_source\include\_generated\messages\CMessageEnums.h">
      <Filter>Headerdateien\_generated\messages</Filter>
    </ClInclude>
    <ClInclude Include="..\..\..\_source\include\_generated\messages\CMessageFactory.h">
      <Filter>Headerdateien\_generated\messages</Filter>
    </ClInclude>
    <ClInclude Include="..\..\..\_source\include\_generated\messages\CMessages.h">
      <Filter>Headerdateien\_generated\messages</Filter>
    </ClInclude>
    <ClInclude Include="..\..\..\_source\include\_generated\messages\IDynamicThread.h">
      <Filter>Headerdateien\_generated\messages</Filter>
    </ClInclude>
    <ClInclude Include="..\..\..\_source\include\_generated\messages\IGameState.h">
      <Filter>Headerdateien\_generated\messages</Filter>
    </ClInclude>
    <ClInclude Include="..\..\..\_source\include\controller\CControllerFactory.h">
      <Filter>Headerdateien\controller</Filter>
    </ClInclude>
    <ClInclude Include="..\..\..\_source\include\controller\CMarbleController.h">
      <Filter>Headerdateien\controller</Filter>
    </ClInclude>
    <ClInclude Include="..\..\..\_source\include\controller\IController.h">
      <Filter>Headerdateien\controller</Filter>
    </ClInclude>
    <ClInclude Include="..\..\..\_source\include\gameclasses\CDynamicThread.h">
      <Filter>Headerdateien\gameclasses</Filter>
    </ClInclude>
    <ClInclude Include="..\..\..\_source\include\gameclasses\COdeNodes.h">
      <Filter>Headerdateien\gameclasses</Filter>
    </ClInclude>
    <ClInclude Include="..\..\..\_source\include\gameclasses\ITriggerHandler.h">
      <Filter>Headerdateien\gameclasses</Filter>
    </ClInclude>
    <ClInclude Include="..\..\..\_source\include\gameclasses\SMarbleNodes.h">
      <Filter>Headerdateien\gameclasses</Filter>
    </ClInclude>
    <ClInclude Include="..\..\..\_source\include\gameclasses\SPlayer.h">
      <Filter>Headerdateien\gameclasses</Filter>
    </ClInclude>
    <ClInclude Include="..\..\..\_source\include\gfx\SViewPort.h">
      <Filter>Headerdateien\gfx</Filter>
    </ClInclude>
    <ClInclude Include="..\..\..\_source\include\scenenodes\CCheckpointNode.h">
      <Filter>Headerdateien\scenenodes</Filter>
    </ClInclude>
    <ClInclude Include="..\..\..\_source\include\scenenodes\CDustbinId.h">
      <Filter>Headerdateien\scenenodes</Filter>
    </ClInclude>
    <ClInclude Include="..\..\..\_source\include\scenenodes\CJointNode.h">
      <Filter>Headerdateien\scenenodes</Filter>
    </ClInclude>
    <ClInclude Include="..\..\..\_source\include\scenenodes\CMarbleGPSceneNodeFactory.h">
      <Filter>Headerdateien\scenenodes</Filter>
    </ClInclude>
    <ClInclude Include="..\..\..\_source\include\scenenodes\CMarbleGPSceneNodes.h">
      <Filter>Headerdateien\scenenodes</Filter>
    </ClInclude>
    <ClInclude Include="..\..\..\_source\include\scenenodes\CPhysicsNode.h">
      <Filter>Headerdateien\scenenodes</Filter>
    </ClInclude>
    <ClInclude Include="..\..\..\_source\include\scenenodes\CRespawnNode.h">
      <Filter>Headerdateien\scenenodes</Filter>
    </ClInclude>
    <ClInclude Include="..\..\..\_source\include\scenenodes\CRespawnNode_Editor.h">
      <Filter>Headerdateien\scenenodes</Filter>
    </ClInclude>
    <ClInclude Include="..\..\..\_source\include\scenenodes\CSkyBoxFix.h">
      <Filter>Headerdateien\scenenodes</Filter>
    </ClInclude>
    <ClInclude Include="..\..\..\_source\include\scenenodes\CStartingGridSceneNode.h">
      <Filter>Headerdateien\scenenodes</Filter>
    </ClInclude>
    <ClInclude Include="..\..\..\_source\include\scenenodes\CWorldNode.h">
      <Filter>Headerdateien\scenenodes</Filter>
    </ClInclude>
    <ClInclude Include="..\..\..\_source\include\shader\CMyShaderNone.h">
      <Filter>Headerdateien\shader</Filter>
    </ClInclude>
    <ClInclude Include="..\..\..\_source\include\shader\CShaderHandlerBase.h">
      <Filter>Headerdateien\shader</Filter>
    </ClInclude>
    <ClInclude Include="..\..\..\_source\include\state\CGameState.h">
      <Filter>Headerdateien\state</Filter>
    </ClInclude>
    <ClInclude Include="..\..\..\_source\include\threads\CMessageQueue.h">
      <Filter>Headerdateien\threads</Filter>
    </ClInclude>
    <ClInclude Include="..\..\..\_source\include\threads\IQueue.h">
      <Filter>Headerdateien\threads</Filter>
    </ClInclude>
    <ClInclude Include="..\..\..\_source\include\threads\IThread.h">
      <Filter>Headerdateien\threads</Filter>
    </ClInclude>
    <ClInclude Include="..\..\..\_source\include\gui\CGuiTouchControl.h">
      <Filter>Headerdateien\gui</Filter>
    </ClInclude>
    <ClInclude Include="..\..\..\_source\include\gameclasses\CGameLogicDefault.h">
      <Filter>Headerdateien\gameclasses</Filter>
    </ClInclude>
    <ClInclude Include="..\..\..\_source\include\gameclasses\IGameLogic.h">
      <Filter>Headerdateien\gameclasses</Filter>
    </ClInclude>
    <ClInclude Include="..\..\..\_source\include\sound\ISoundInterface.h">
      <Filter>Headerdateien\sound</Filter>
    </ClInclude>
    <ClInclude Include="..\..\..\_source\include\gui\CGuiImageList.h">
      <Filter>Headerdateien\gui</Filter>
    </ClInclude>
    <ClInclude Include="..\..\..\_source\include\scenenodes\CAiNode.h">
      <Filter>Headerdateien\scenenodes</Filter>
    </ClInclude>
    <ClInclude Include="..\..\..\_source\include\controller\CControllerAI.h">
      <Filter>Headerdateien\controller</Filter>
    </ClInclude>
    <ClInclude Include="..\..\..\_source\include\scenenodes\CMyCameraAnimator.h">
      <Filter>Headerdateien\scenenodes</Filter>
    </ClInclude>
    <ClInclude Include="..\..\..\_source\include\scenenodes\CCameraTouchAnimator.h">
      <Filter>Headerdateien\scenenodes</Filter>
    </ClInclude>
    <ClInclude Include="..\..\..\_source\include\scenenodes\CDustbinCamera.h">
      <Filter>Headerdateien\scenenodes</Filter>
    </ClInclude>
    <ClInclude Include="..\..\..\_source\include\controller\CAiControlThread.h">
      <Filter>Headerdateien\controller</Filter>
    </ClInclude>
    <ClInclude Include="..\..\..\_source\include\scenenodes\CRostrumNode.h">
      <Filter>Headerdateien\scenenodes</Filter>
    </ClInclude>
    <ClInclude Include="..\..\..\_source\include\gui\CGameHUD.h">
      <Filter>Headerdateien\gui</Filter>
    </ClInclude>
    <ClInclude Include="..\..\..\_source\include\_generated\messages\IGameHUD.h">
      <Filter>Headerdateien\_generated\messages</Filter>
    </ClInclude>
    <ClInclude Include="..\..\..\_source\include\gui\CRankingElement.h">
      <Filter>Headerdateien\gui</Filter>
    </ClInclude>
    <ClInclude Include="..\..\..\_source\include\_generated\messages\IAiController.h">
      <Filter>Headerdateien\_generated\messages</Filter>
    </ClInclude>
    <ClInclude Include="..\..\..\_source\include\network\CGameClient.h">
      <Filter>Headerdateien\network</Filter>
    </ClInclude>
    <ClInclude Include="..\..\..\_source\include\network\CGameServer.h">
      <Filter>Headerdateien\network</Filter>
    </ClInclude>
    <ClInclude Include="..\..\..\_source\include\network\CNetBase.h">
      <Filter>Headerdateien\network</Filter>
    </ClInclude>
    <ClInclude Include="..\..\..\_source\include\gui\CGuiLogDisplay.h">
      <Filter>Headerdateien\gui</Filter>
    </ClInclude>
    <ClInclude Include="..\..\..\_source\include\network\CDiscoveryClient.h">
      <Filter>Headerdateien\network</Filter>
    </ClInclude>
    <ClInclude Include="..\..\..\_source\include\network\CDiscoverySever.h">
      <Filter>Headerdateien\network</Filter>
    </ClInclude>
    <ClInclude Include="..\..\..\_source\include\network\CNetworkDefines.h">
      <Filter>Headerdateien\network</Filter>
    </ClInclude>
    <ClInclude Include="..\..\..\_source\include\gui\CVirtualKeyboard.h">
      <Filter>Headerdateien\gui</Filter>
    </ClInclude>
    <ClInclude Include="..\..\..\_source\include\gui\CDustbinScrollPane.h">
      <Filter>Headerdateien\gui</Filter>
    </ClInclude>
    <ClInclude Include="..\..\..\_source\include\scenenodes\CMyBillboard.h">
      <Filter>Headerdateien\scenenodes</Filter>
    </ClInclude>
    <ClInclude Include="..\..\..\_source\include\scenenodes\CMyTextSceneNode.h">
      <Filter>Headerdateien\scenenodes</Filter>
    </ClInclude>
    <ClInclude Include="..\..\..\_source\include\gui\CGuiTextField.h">
      <Filter>Headerdateien\gui</Filter>
    </ClInclude>
    <ClInclude Include="..\..\..\_source\include\gui\CGyroControl.h">
      <Filter>Headerdateien\gui</Filter>
    </ClInclude>
    <ClInclude Include="..\..\..\_source\include\controller\IGyroCallback.h">
      <Filter>Headerdateien\controller</Filter>
    </ClInclude>
    <ClInclude Include="..\..\..\_source\include\gui\CGameHUDHelpers.h">
      <Filter>Headerdateien\gui</Filter>
    </ClInclude>
    <ClInclude Include="..\..\..\_source\include\lua\ILuaClass.h">
      <Filter>Headerdateien\lua</Filter>
    </ClInclude>
    <ClInclude Include="..\..\..\_source\include\lua\LuaScript.h">
      <Filter>Headerdateien\lua</Filter>
    </ClInclude>
    <ClInclude Include="..\..\..\_source\include\lua\luawrap.hpp">
      <Filter>Headerdateien\lua</Filter>
    </ClInclude>
    <ClInclude Include="..\..\..\libs\lua-5.4.4\src\lapi.h">
      <Filter>Headerdateien\liblua</Filter>
    </ClInclude>
    <ClInclude Include="..\..\..\libs\lua-5.4.4\src\lauxlib.h">
      <Filter>Headerdateien\liblua</Filter>
    </ClInclude>
    <ClInclude Include="..\..\..\libs\lua-5.4.4\src\lcode.h">
      <Filter>Headerdateien\liblua</Filter>
    </ClInclude>
    <ClInclude Include="..\..\..\libs\lua-5.4.4\src\lctype.h">
      <Filter>Headerdateien\liblua</Filter>
    </ClInclude>
    <ClInclude Include="..\..\..\libs\lua-5.4.4\src\ldebug.h">
      <Filter>Headerdateien\liblua</Filter>
    </ClInclude>
    <ClInclude Include="..\..\..\libs\lua-5.4.4\src\ldo.h">
      <Filter>Headerdateien\liblua</Filter>
    </ClInclude>
    <ClInclude Include="..\..\..\libs\lua-5.4.4\src\lfunc.h">
      <Filter>Headerdateien\liblua</Filter>
    </ClInclude>
    <ClInclude Include="..\..\..\libs\lua-5.4.4\src\lgc.h">
      <Filter>Headerdateien\liblua</Filter>
    </ClInclude>
    <ClInclude Include="..\..\..\libs\lua-5.4.4\src\ljumptab.h">
      <Filter>Headerdateien\liblua</Filter>
    </ClInclude>
    <ClInclude Include="..\..\..\libs\lua-5.4.4\src\llex.h">
      <Filter>Headerdateien\liblua</Filter>
    </ClInclude>
    <ClInclude Include="..\..\..\libs\lua-5.4.4\src\llimits.h">
      <Filter>Headerdateien\liblua</Filter>
    </ClInclude>
    <ClInclude Include="..\..\..\libs\lua-5.4.4\src\lmem.h">
      <Filter>Headerdateien\liblua</Filter>
    </ClInclude>
    <ClInclude Include="..\..\..\libs\lua-5.4.4\src\lobject.h">
      <Filter>Headerdateien\liblua</Filter>
    </ClInclude>
    <ClInclude Include="..\..\..\libs\lua-5.4.4\src\lopcodes.h">
      <Filter>Headerdateien\liblua</Filter>
    </ClInclude>
    <ClInclude Include="..\..\..\libs\lua-5.4.4\src\lopnames.h">
      <Filter>Headerdateien\liblua</Filter>
    </ClInclude>
    <ClInclude Include="..\..\..\libs\lua-5.4.4\src\lparser.h">
      <Filter>Headerdateien\liblua</Filter>
    </ClInclude>
    <ClInclude Include="..\..\..\libs\lua-5.4.4\src\lprefix.h">
      <Filter>Headerdateien\liblua</Filter>
    </ClInclude>
    <ClInclude Include="..\..\..\libs\lua-5.4.4\src\lstate.h">
      <Filter>Headerdateien\liblua</Filter>
    </ClInclude>
    <ClInclude Include="..\..\..\libs\lua-5.4.4\src\lstring.h">
      <Filter>Headerdateien\liblua</Filter>
    </ClInclude>
    <ClInclude Include="..\..\..\libs\lua-5.4.4\src\ltable.h">
      <Filter>Headerdateien\liblua</Filter>
    </ClInclude>
    <ClInclude Include="..\..\..\libs\lua-5.4.4\src\ltm.h">
      <Filter>Headerdateien\liblua</Filter>
    </ClInclude>
    <ClInclude Include="..\..\..\libs\lua-5.4.4\src\lua.h">
      <Filter>Headerdateien\liblua</Filter>
    </ClInclude>
    <ClInclude Include="..\..\..\libs\lua-5.4.4\src\lua.hpp">
      <Filter>Headerdateien\liblua</Filter>
    </ClInclude>
    <ClInclude Include="..\..\..\libs\lua-5.4.4\src\luaconf.h">
      <Filter>Headerdateien\liblua</Filter>
    </ClInclude>
    <ClInclude Include="..\..\..\libs\lua-5.4.4\src\lualib.h">
      <Filter>Headerdateien\liblua</Filter>
    </ClInclude>
    <ClInclude Include="..\..\..\libs\lua-5.4.4\src\lundump.h">
      <Filter>Headerdateien\liblua</Filter>
    </ClInclude>
    <ClInclude Include="..\..\..\libs\lua-5.4.4\src\lvm.h">
      <Filter>Headerdateien\liblua</Filter>
    </ClInclude>
    <ClInclude Include="..\..\..\libs\lua-5.4.4\src\lzio.h">
      <Filter>Headerdateien\liblua</Filter>
    </ClInclude>
    <ClInclude Include="..\..\..\_source\include\_generated\lua\CLuaScript_physics.h">
      <Filter>Headerdateien\_generated\lua</Filter>
    </ClInclude>
    <ClInclude Include="..\..\..\_source\include\_generated\lua\CLuaScript_scene.h">
      <Filter>Headerdateien\_generated\lua</Filter>
    </ClInclude>
    <ClInclude Include="..\..\..\_source\include\_generated\lua\CLuaSingleton_physics.h">
      <Filter>Headerdateien\_generated\lua</Filter>
    </ClInclude>
    <ClInclude Include="..\..\..\_source\include\_generated\lua\CLuaSingleton_scene.h">
      <Filter>Headerdateien\_generated\lua</Filter>
    </ClInclude>
    <ClInclude Include="..\..\..\_source\include\_generated\lua\lua_enums.h">
      <Filter>Headerdateien\_generated\lua</Filter>
    </ClInclude>
    <ClInclude Include="..\..\..\_source\include\_generated\lua\lua_tables.h">
      <Filter>Headerdateien\_generated\lua</Filter>
    </ClInclude>
    <ClInclude Include="..\..\..\_source\include\controller\CControllerAi_V2.h">
      <Filter>Headerdateien\controller</Filter>
    </ClInclude>
    <ClInclude Include="..\..\..\_source\include\_generated\lua\CLuaSingleton_ai.h">
      <Filter>Headerdateien\_generated\lua</Filter>
    </ClInclude>
    <ClInclude Include="..\..\..\_source\include\scenenodes\CAiPathNode.h">
      <Filter>Headerdateien\scenenodes</Filter>
    </ClInclude>
    <ClInclude Include="..\..\..\_source\include\gui\hud_items\CHudAiHelp.h">
      <Filter>Headerdateien\gui\hud_items</Filter>
    </ClInclude>
    <ClInclude Include="..\..\..\_source\include\gui\hud_items\CHudSpeedBar.h">
      <Filter>Headerdateien\gui\hud_items</Filter>
    </ClInclude>
    <ClInclude Include="..\..\..\_source\include\scenenodes\CAiPathSceneNode.h">
      <Filter>Headerdateien\scenenodes</Filter>
    </ClInclude>
    <ClInclude Include="..\..\..\_source\include\gui\hud_items\CHudSteering.h">
      <Filter>Headerdateien\gui\hud_items</Filter>
    </ClInclude>
    <ClInclude Include="..\..\..\_source\include\gui\hud_items\CHudBanner.h">
      <Filter>Headerdateien\gui\hud_items</Filter>
    </ClInclude>
    <ClInclude Include="..\..\..\_source\include\gui\hud_items\CHudLapTimes.h">
      <Filter>Headerdateien\gui\hud_items</Filter>
    </ClInclude>
  </ItemGroup>
  <ItemGroup>
    <ClCompile Include="android_native_app_glue.c" />
    <ClCompile Include="..\..\..\_source\source\CMainClass.cpp">
      <Filter>Quelldateien</Filter>
    </ClCompile>
    <ClCompile Include="..\..\..\_source\source\main_android.cpp" />
    <ClCompile Include="..\..\..\_source\source\CGlobal.cpp">
      <Filter>Quelldateien</Filter>
    </ClCompile>
    <ClCompile Include="..\..\..\_source\source\controller\CControllerBase.cpp">
      <Filter>Quelldateien\controller</Filter>
    </ClCompile>
    <ClCompile Include="..\..\..\_source\source\gui\CButtonRenderer.cpp">
      <Filter>Quelldateien\gui</Filter>
    </ClCompile>
    <ClCompile Include="..\..\..\_source\source\gui\CClipImage.cpp">
      <Filter>Quelldateien\gui</Filter>
    </ClCompile>
    <ClCompile Include="..\..\..\_source\source\gui\CControllerUi.cpp">
      <Filter>Quelldateien\gui</Filter>
    </ClCompile>
    <ClCompile Include="..\..\..\_source\source\gui\CDustbinCheckbox.cpp">
      <Filter>Quelldateien\gui</Filter>
    </ClCompile>
    <ClCompile Include="..\..\..\_source\source\gui\CGuiItemFactory.cpp">
      <Filter>Quelldateien\gui</Filter>
    </ClCompile>
    <ClCompile Include="..\..\..\_source\source\gui\CMenuBackground.cpp">
      <Filter>Quelldateien\gui</Filter>
    </ClCompile>
    <ClCompile Include="..\..\..\_source\source\gui\CMenuButton.cpp">
      <Filter>Quelldateien\gui</Filter>
    </ClCompile>
    <ClCompile Include="..\..\..\_source\source\gui\CReactiveLabel.cpp">
      <Filter>Quelldateien\gui</Filter>
    </ClCompile>
    <ClCompile Include="..\..\..\_source\source\gui\CSelector.cpp">
      <Filter>Quelldateien\gui</Filter>
    </ClCompile>
    <ClCompile Include="..\..\..\_source\source\helpers\CMenuLoader.cpp">
      <Filter>Quelldateien\helpers</Filter>
    </ClCompile>
    <ClCompile Include="..\..\..\_source\source\helpers\CStringHelpers.cpp">
      <Filter>Quelldateien\helpers</Filter>
    </ClCompile>
    <ClCompile Include="..\..\..\_source\source\helpers\CTextureHelpers.cpp">
      <Filter>Quelldateien\helpers</Filter>
    </ClCompile>
    <ClCompile Include="..\..\..\_source\source\messages\CMessageHelpers.cpp">
      <Filter>Quelldateien\messages</Filter>
    </ClCompile>
    <ClCompile Include="..\..\..\_source\source\messages\CSerializer64.cpp">
      <Filter>Quelldateien\messages</Filter>
    </ClCompile>
    <ClCompile Include="..\..\..\_source\source\platform\CPlatformAndroid.cpp">
      <Filter>Quelldateien\platform</Filter>
    </ClCompile>
    <ClCompile Include="..\..\..\_source\source\data\CDataStructs.cpp">
      <Filter>Quelldateien\data</Filter>
    </ClCompile>
    <ClCompile Include="..\..\..\_source\source\menu\IMenuHandler.cpp">
      <Filter>Quelldateien\menu</Filter>
    </ClCompile>
    <ClCompile Include="..\..\..\_source\source\state\CMenuState.cpp">
      <Filter>Quelldateien\state</Filter>
    </ClCompile>
    <ClCompile Include="..\..\..\_source\source\menu\CMenuMain.cpp">
      <Filter>Quelldateien\menu</Filter>
    </ClCompile>
    <ClCompile Include="..\..\..\_source\source\menu\CMenuProfiles.cpp">
      <Filter>Quelldateien\menu</Filter>
    </ClCompile>
    <ClCompile Include="..\..\..\_source\source\menu\CMenuSettings.cpp">
      <Filter>Quelldateien\menu</Filter>
    </ClCompile>
    <ClCompile Include="..\..\..\_source\source\controller\CControllerGame.cpp">
      <Filter>Quelldateien\controller</Filter>
    </ClCompile>
    <ClCompile Include="..\..\..\_source\source\controller\CControllerMenu.cpp">
      <Filter>Quelldateien\controller</Filter>
    </ClCompile>
    <ClCompile Include="..\..\..\_source\source\menu\CMenuSetupGame.cpp">
      <Filter>Quelldateien\menu</Filter>
    </ClCompile>
    <ClCompile Include="..\..\..\_source\source\menu\CMenuSelectTrack.cpp">
      <Filter>Quelldateien\menu</Filter>
    </ClCompile>
    <ClCompile Include="..\..\..\_source\source\_generated\messages\CMessageFactory.cpp">
      <Filter>Quelldateien\_generated\messages</Filter>
    </ClCompile>
    <ClCompile Include="..\..\..\_source\source\_generated\messages\CMessages.cpp">
      <Filter>Quelldateien\_generated\messages</Filter>
    </ClCompile>
    <ClCompile Include="..\..\..\_source\source\_generated\messages\IDynamicThread.cpp">
      <Filter>Quelldateien\_generated\messages</Filter>
    </ClCompile>
    <ClCompile Include="..\..\..\_source\source\_generated\messages\IGameState.cpp">
      <Filter>Quelldateien\_generated\messages</Filter>
    </ClCompile>
    <ClCompile Include="..\..\..\_source\source\controller\CControllerFactory.cpp">
      <Filter>Quelldateien\controller</Filter>
    </ClCompile>
    <ClCompile Include="..\..\..\_source\source\controller\CMarbleController.cpp">
      <Filter>Quelldateien\controller</Filter>
    </ClCompile>
    <ClCompile Include="..\..\..\_source\source\gameclasses\CDynamicThread.cpp">
      <Filter>Quelldateien\gameclasses</Filter>
    </ClCompile>
    <ClCompile Include="..\..\..\_source\source\gameclasses\COdeNodes.cpp">
      <Filter>Quelldateien\gameclasses</Filter>
    </ClCompile>
    <ClCompile Include="..\..\..\_source\source\scenenodes\CCheckpointNode.cpp">
      <Filter>Quelldateien\scenenodes</Filter>
    </ClCompile>
    <ClCompile Include="..\..\..\_source\source\scenenodes\CDustbinId.cpp">
      <Filter>Quelldateien\scenenodes</Filter>
    </ClCompile>
    <ClCompile Include="..\..\..\_source\source\scenenodes\CJointNode.cpp">
      <Filter>Quelldateien\scenenodes</Filter>
    </ClCompile>
    <ClCompile Include="..\..\..\_source\source\scenenodes\CMarbleGPSceneNodeFactory.cpp">
      <Filter>Quelldateien\scenenodes</Filter>
    </ClCompile>
    <ClCompile Include="..\..\..\_source\source\scenenodes\CMarbleGPSceneNodes.cpp">
      <Filter>Quelldateien\scenenodes</Filter>
    </ClCompile>
    <ClCompile Include="..\..\..\_source\source\scenenodes\CPhysicsNode.cpp">
      <Filter>Quelldateien\scenenodes</Filter>
    </ClCompile>
    <ClCompile Include="..\..\..\_source\source\scenenodes\CRespawnNode.cpp">
      <Filter>Quelldateien\scenenodes</Filter>
    </ClCompile>
    <ClCompile Include="..\..\..\_source\source\scenenodes\CSkyBoxFix.cpp">
      <Filter>Quelldateien\scenenodes</Filter>
    </ClCompile>
    <ClCompile Include="..\..\..\_source\source\scenenodes\CStartingGridSceneNode.cpp">
      <Filter>Quelldateien\scenenodes</Filter>
    </ClCompile>
    <ClCompile Include="..\..\..\_source\source\scenenodes\CWorldNode.cpp">
      <Filter>Quelldateien\scenenodes</Filter>
    </ClCompile>
    <ClCompile Include="..\..\..\_source\source\shader\CShaderHandlerBase.cpp">
      <Filter>Quelldateien\shader</Filter>
    </ClCompile>
    <ClCompile Include="..\..\..\_source\source\shader\CShaderHandlerNone.cpp">
      <Filter>Quelldateien\shader</Filter>
    </ClCompile>
    <ClCompile Include="..\..\..\_source\source\state\CGameState.cpp">
      <Filter>Quelldateien\state</Filter>
    </ClCompile>
    <ClCompile Include="..\..\..\_source\source\threads\CMessageQueue.cpp">
      <Filter>Quelldateien\threads</Filter>
    </ClCompile>
    <ClCompile Include="..\..\..\_source\source\gui\CGuiTouchControl.cpp">
      <Filter>Quelldateien\gui</Filter>
    </ClCompile>
    <ClCompile Include="..\..\..\_source\source\gameclasses\CGameLogicDefault.cpp">
      <Filter>Quelldateien\gameclasses</Filter>
    </ClCompile>
    <ClCompile Include="..\..\..\_source\source\gameclasses\CGameLogicFactory.cpp">
      <Filter>Quelldateien\gameclasses</Filter>
    </ClCompile>
    <ClCompile Include="..\..\..\_source\source\sound\CSoundInterfaceAndroid.cpp">
      <Filter>Quelldateien\sound</Filter>
    </ClCompile>
    <ClCompile Include="..\..\..\_source\source\gui\CGuiImageList.cpp">
      <Filter>Quelldateien\gui</Filter>
    </ClCompile>
    <ClCompile Include="..\..\..\_source\source\scenenodes\CAiNode.cpp">
      <Filter>Quelldateien\scenenodes</Filter>
    </ClCompile>
    <ClCompile Include="..\..\..\_source\source\controller\CControllerAI.cpp">
      <Filter>Quelldateien\controller</Filter>
    </ClCompile>
    <ClCompile Include="..\..\..\_source\source\scenenodes\CCameraTouchAnimator.cpp">
      <Filter>Quelldateien\scenenodes</Filter>
    </ClCompile>
    <ClCompile Include="..\..\..\_source\source\scenenodes\CDustbinCamera.cpp">
      <Filter>Quelldateien\scenenodes</Filter>
    </ClCompile>
    <ClCompile Include="..\..\..\_source\source\controller\CAiControlThread.cpp">
      <Filter>Quelldateien\controller</Filter>
    </ClCompile>
    <ClCompile Include="..\..\..\_source\source\scenenodes\CRostrumNode.cpp">
      <Filter>Quelldateien\scenenodes</Filter>
    </ClCompile>
    <ClCompile Include="..\..\..\_source\source\gui\CGameHUD.cpp">
      <Filter>Quelldateien\gui</Filter>
    </ClCompile>
    <ClCompile Include="..\..\..\_source\source\_generated\messages\IGameHUD.cpp">
      <Filter>Quelldateien\_generated\messages</Filter>
    </ClCompile>
    <ClCompile Include="..\..\..\_source\source\gui\CRankingElement.cpp">
      <Filter>Quelldateien\gui</Filter>
    </ClCompile>
    <ClCompile Include="..\..\..\_source\source\_generated\messages\IAiController.cpp">
      <Filter>Quelldateien\_generated\messages</Filter>
    </ClCompile>
    <ClCompile Include="..\..\..\_source\source\menu\CMenuRaceResult.cpp">
      <Filter>Quelldateien\menu</Filter>
    </ClCompile>
    <ClCompile Include="..\..\..\_source\source\menu\CMenuStandings_Android.cpp">
      <Filter>Quelldateien\menu</Filter>
    </ClCompile>
    <ClCompile Include="..\..\..\_source\source\network\CGameServer.cpp">
      <Filter>Quelldateien\network</Filter>
    </ClCompile>
    <ClCompile Include="..\..\..\_source\source\network\CGameClient.cpp">
      <Filter>Quelldateien\network</Filter>
    </ClCompile>
    <ClCompile Include="..\..\..\_source\source\network\CNetBase.cpp">
      <Filter>Quelldateien\network</Filter>
    </ClCompile>
    <ClCompile Include="..\..\..\_source\source\menu\CMenuJoinServer.cpp">
      <Filter>Quelldateien\menu</Filter>
    </ClCompile>
    <ClCompile Include="..\..\..\_source\source\menu\CMenuStartServer.cpp">
      <Filter>Quelldateien\menu</Filter>
    </ClCompile>
    <ClCompile Include="..\..\..\_source\source\menu\CMenuMessage.cpp">
      <Filter>Quelldateien\menu</Filter>
    </ClCompile>
    <ClCompile Include="..\..\..\_source\source\menu\CMenuNetworkLobby.cpp">
      <Filter>Quelldateien\menu</Filter>
    </ClCompile>
    <ClCompile Include="..\..\..\_source\source\gui\CGuiLogDisplay.cpp">
      <Filter>Quelldateien\gui</Filter>
    </ClCompile>
    <ClCompile Include="..\..\..\_source\source\network\CDiscoveryClient.cpp">
      <Filter>Quelldateien\network</Filter>
    </ClCompile>
    <ClCompile Include="..\..\..\_source\source\network\CDiscoveryServer.cpp">
      <Filter>Quelldateien\network</Filter>
    </ClCompile>
    <ClCompile Include="..\..\..\_source\source\menu\CMenuSearchServer.cpp">
      <Filter>Quelldateien\menu</Filter>
    </ClCompile>
    <ClCompile Include="..\..\..\_source\source\menu\CMenuFillGrid.cpp">
      <Filter>Quelldateien\menu</Filter>
    </ClCompile>
    <ClCompile Include="..\..\..\_source\source\gui\CVirtualKeyboard.cpp">
      <Filter>Quelldateien\gui</Filter>
    </ClCompile>
    <ClCompile Include="..\..\..\_source\source\gui\CDustbinScrollPane.cpp">
      <Filter>Quelldateien\gui</Filter>
    </ClCompile>
    <ClCompile Include="..\..\..\_source\source\scenenodes\CMyBillboard.cpp">
      <Filter>Quelldateien\scenenodes</Filter>
    </ClCompile>
    <ClCompile Include="..\..\..\_source\source\scenenodes\CMyTextSceneNode.cpp">
      <Filter>Quelldateien\scenenodes</Filter>
    </ClCompile>
    <ClCompile Include="..\..\..\_source\source\menu\CMenuFinalResult.cpp">
      <Filter>Quelldateien\menu</Filter>
    </ClCompile>
    <ClCompile Include="..\..\..\_source\source\gui\CGuiTextField.cpp">
      <Filter>Quelldateien\gui</Filter>
    </ClCompile>
    <ClCompile Include="..\..\..\_source\source\menu\CMenuCredits.cpp">
      <Filter>Quelldateien\menu</Filter>
    </ClCompile>
    <ClCompile Include="..\..\..\_source\source\gameclasses\SPlayer.cpp">
      <Filter>Quelldateien\gameclasses</Filter>
    </ClCompile>
    <ClCompile Include="..\..\..\_source\source\gui\CGameHUDHelpers.cpp">
      <Filter>Quelldateien\gui</Filter>
    </ClCompile>
    <ClCompile Include="..\..\..\libs\lua-5.4.4\src\lapi.c">
      <Filter>Quelldateien\liblua</Filter>
    </ClCompile>
    <ClCompile Include="..\..\..\libs\lua-5.4.4\src\lauxlib.c">
      <Filter>Quelldateien\liblua</Filter>
    </ClCompile>
    <ClCompile Include="..\..\..\libs\lua-5.4.4\src\lbaselib.c">
      <Filter>Quelldateien\liblua</Filter>
    </ClCompile>
    <ClCompile Include="..\..\..\libs\lua-5.4.4\src\lcode.c">
      <Filter>Quelldateien\liblua</Filter>
    </ClCompile>
    <ClCompile Include="..\..\..\libs\lua-5.4.4\src\lcorolib.c">
      <Filter>Quelldateien\liblua</Filter>
    </ClCompile>
    <ClCompile Include="..\..\..\libs\lua-5.4.4\src\lctype.c">
      <Filter>Quelldateien\liblua</Filter>
    </ClCompile>
    <ClCompile Include="..\..\..\libs\lua-5.4.4\src\ldblib.c">
      <Filter>Quelldateien\liblua</Filter>
    </ClCompile>
    <ClCompile Include="..\..\..\libs\lua-5.4.4\src\ldebug.c">
      <Filter>Quelldateien\liblua</Filter>
    </ClCompile>
    <ClCompile Include="..\..\..\libs\lua-5.4.4\src\ldo.c">
      <Filter>Quelldateien\liblua</Filter>
    </ClCompile>
    <ClCompile Include="..\..\..\libs\lua-5.4.4\src\ldump.c">
      <Filter>Quelldateien\liblua</Filter>
    </ClCompile>
    <ClCompile Include="..\..\..\libs\lua-5.4.4\src\lfunc.c">
      <Filter>Quelldateien\liblua</Filter>
    </ClCompile>
    <ClCompile Include="..\..\..\libs\lua-5.4.4\src\lgc.c">
      <Filter>Quelldateien\liblua</Filter>
    </ClCompile>
    <ClCompile Include="..\..\..\libs\lua-5.4.4\src\linit.c">
      <Filter>Quelldateien\liblua</Filter>
    </ClCompile>
    <ClCompile Include="..\..\..\libs\lua-5.4.4\src\liolib.c">
      <Filter>Quelldateien\liblua</Filter>
    </ClCompile>
    <ClCompile Include="..\..\..\libs\lua-5.4.4\src\llex.c">
      <Filter>Quelldateien\liblua</Filter>
    </ClCompile>
    <ClCompile Include="..\..\..\libs\lua-5.4.4\src\lmathlib.c">
      <Filter>Quelldateien\liblua</Filter>
    </ClCompile>
    <ClCompile Include="..\..\..\libs\lua-5.4.4\src\lmem.c">
      <Filter>Quelldateien\liblua</Filter>
    </ClCompile>
    <ClCompile Include="..\..\..\libs\lua-5.4.4\src\loadlib.c">
      <Filter>Quelldateien\liblua</Filter>
    </ClCompile>
    <ClCompile Include="..\..\..\libs\lua-5.4.4\src\lobject.c">
      <Filter>Quelldateien\liblua</Filter>
    </ClCompile>
    <ClCompile Include="..\..\..\libs\lua-5.4.4\src\lopcodes.c">
      <Filter>Quelldateien\liblua</Filter>
    </ClCompile>
    <ClCompile Include="..\..\..\libs\lua-5.4.4\src\loslib.c">
      <Filter>Quelldateien\liblua</Filter>
    </ClCompile>
    <ClCompile Include="..\..\..\libs\lua-5.4.4\src\lparser.c">
      <Filter>Quelldateien\liblua</Filter>
    </ClCompile>
    <ClCompile Include="..\..\..\libs\lua-5.4.4\src\lstate.c">
      <Filter>Quelldateien\liblua</Filter>
    </ClCompile>
    <ClCompile Include="..\..\..\libs\lua-5.4.4\src\lstring.c">
      <Filter>Quelldateien\liblua</Filter>
    </ClCompile>
    <ClCompile Include="..\..\..\libs\lua-5.4.4\src\lstrlib.c">
      <Filter>Quelldateien\liblua</Filter>
    </ClCompile>
    <ClCompile Include="..\..\..\libs\lua-5.4.4\src\ltable.c">
      <Filter>Quelldateien\liblua</Filter>
    </ClCompile>
    <ClCompile Include="..\..\..\libs\lua-5.4.4\src\ltablib.c">
      <Filter>Quelldateien\liblua</Filter>
    </ClCompile>
    <ClCompile Include="..\..\..\libs\lua-5.4.4\src\ltm.c">
      <Filter>Quelldateien\liblua</Filter>
    </ClCompile>
    <ClCompile Include="..\..\..\libs\lua-5.4.4\src\lundump.c">
      <Filter>Quelldateien\liblua</Filter>
    </ClCompile>
    <ClCompile Include="..\..\..\libs\lua-5.4.4\src\lutf8lib.c">
      <Filter>Quelldateien\liblua</Filter>
    </ClCompile>
    <ClCompile Include="..\..\..\libs\lua-5.4.4\src\lvm.c">
      <Filter>Quelldateien\liblua</Filter>
    </ClCompile>
    <ClCompile Include="..\..\..\libs\lua-5.4.4\src\lzio.c">
      <Filter>Quelldateien\liblua</Filter>
    </ClCompile>
    <ClCompile Include="..\..\..\_source\source\lua\CLuaSingleton_physics.cpp">
      <Filter>Quelldateien\lua</Filter>
    </ClCompile>
    <ClCompile Include="..\..\..\_source\source\lua\ILuaClass.cpp">
      <Filter>Quelldateien\lua</Filter>
    </ClCompile>
    <ClCompile Include="..\..\..\_source\source\lua\LuaScript.cpp">
      <Filter>Quelldateien\lua</Filter>
    </ClCompile>
    <ClCompile Include="..\..\..\_source\source\lua\luawrap.cpp">
      <Filter>Quelldateien\lua</Filter>
    </ClCompile>
    <ClCompile Include="..\..\..\_source\source\lua\CLuaScript_physics.cpp">
      <Filter>Quelldateien\lua</Filter>
    </ClCompile>
    <ClCompile Include="..\..\..\_source\source\_generated\lua\lua_binding.cpp">
      <Filter>Quelldateien\_generated\lua</Filter>
    </ClCompile>
    <ClCompile Include="..\..\..\_source\source\_generated\lua\lua_enums.cpp">
      <Filter>Quelldateien\_generated\lua</Filter>
    </ClCompile>
    <ClCompile Include="..\..\..\_source\source\_generated\lua\lua_tables.cpp">
      <Filter>Quelldateien\_generated\lua</Filter>
    </ClCompile>
    <ClCompile Include="..\..\..\_source\source\lua\CLuaScript_scene.cpp">
      <Filter>Quelldateien\lua</Filter>
    </ClCompile>
    <ClCompile Include="..\..\..\_source\source\lua\CLuaSingleton_scene.cpp">
      <Filter>Quelldateien\lua</Filter>
    </ClCompile>
    <ClCompile Include="..\..\..\_source\source\lua\CLUASingleton_system.cpp">
      <Filter>Quelldateien\lua</Filter>
    </ClCompile>
    <ClCompile Include="..\..\..\_source\source\controller\CControllerAi_V2.cpp">
      <Filter>Quelldateien\controller</Filter>
    </ClCompile>
    <ClCompile Include="..\..\..\_source\source\scenenodes\CAiPathNode.cpp">
      <Filter>Quelldateien\scenenodes</Filter>
    </ClCompile>
    <ClCompile Include="..\..\..\_source\source\gui\hud_items\CHudAiHelp.cpp">
      <Filter>Quelldateien\gui\hud_items</Filter>
    </ClCompile>
    <ClCompile Include="..\..\..\_source\source\gui\hud_items\CHudSpeedBar.cpp">
      <Filter>Quelldateien\gui\hud_items</Filter>
    </ClCompile>
    <ClCompile Include="..\..\..\_source\source\scenenodes\CAiPathSceneNode.cpp">
      <Filter>Quelldateien\scenenodes</Filter>
    </ClCompile>
    <ClCompile Include="..\..\..\_source\source\gui\hud_items\CHudSteering.cpp">
      <Filter>Quelldateien\gui\hud_items</Filter>
    </ClCompile>
    <ClCompile Include="..\..\..\_source\source\gui\hud_items\CHudBanner.cpp">
      <Filter>Quelldateien\gui\hud_items</Filter>
    </ClCompile>
    <ClCompile Include="..\..\..\_source\source\gui\hud_items\CHudLapTimes.cpp">
      <Filter>Quelldateien\gui\hud_items</Filter>
    </ClCompile>
  </ItemGroup>
  <ItemGroup>
    <Filter Include="Headerdateien">
      <UniqueIdentifier>{f3bcf0dd-5322-4c77-b7f5-a147416b987a}</UniqueIdentifier>
    </Filter>
    <Filter Include="Quelldateien">
      <UniqueIdentifier>{6b893a59-dcb2-4f3c-9ee2-95a1934929ea}</UniqueIdentifier>
    </Filter>
    <Filter Include="Headerdateien\controller">
      <UniqueIdentifier>{d27411d4-1bac-4168-99ea-9183eddf0a4c}</UniqueIdentifier>
    </Filter>
    <Filter Include="Headerdateien\gui">
      <UniqueIdentifier>{55083ab6-108f-448d-a96f-dbba3de52101}</UniqueIdentifier>
    </Filter>
    <Filter Include="Headerdateien\helpers">
      <UniqueIdentifier>{fa2b4422-4ee5-41f4-b478-b011841144c6}</UniqueIdentifier>
    </Filter>
    <Filter Include="Headerdateien\platform">
      <UniqueIdentifier>{b8a595d6-ac0c-4917-9653-7b243b0a8979}</UniqueIdentifier>
    </Filter>
    <Filter Include="Headerdateien\state">
      <UniqueIdentifier>{5277bbed-a550-4d07-a3ee-82a8bc9f9ceb}</UniqueIdentifier>
    </Filter>
    <Filter Include="Quelldateien\controller">
      <UniqueIdentifier>{b7b1d10e-56c2-43ae-98d4-26d05464250d}</UniqueIdentifier>
    </Filter>
    <Filter Include="Quelldateien\gui">
      <UniqueIdentifier>{80132363-11cf-4080-8699-c179d7782d47}</UniqueIdentifier>
    </Filter>
    <Filter Include="Quelldateien\helpers">
      <UniqueIdentifier>{5aaabc9e-dcc2-43b7-b9f2-bd6fc4d82f99}</UniqueIdentifier>
    </Filter>
    <Filter Include="Quelldateien\messages">
      <UniqueIdentifier>{0ffa30fb-dc3f-40e2-bb94-69faadac98ea}</UniqueIdentifier>
    </Filter>
    <Filter Include="Quelldateien\platform">
      <UniqueIdentifier>{7b59affe-1537-4b8d-a659-f92e052acac1}</UniqueIdentifier>
    </Filter>
    <Filter Include="Headerdateien\data">
      <UniqueIdentifier>{f81c3c86-1e33-4b16-93fd-f9d3a0fafc69}</UniqueIdentifier>
    </Filter>
    <Filter Include="Headerdateien\menu">
      <UniqueIdentifier>{1540d61c-495c-409d-b932-c761246699c2}</UniqueIdentifier>
    </Filter>
    <Filter Include="Quelldateien\data">
      <UniqueIdentifier>{c1cf69a8-9861-4e22-a319-4c3b331b26e2}</UniqueIdentifier>
    </Filter>
    <Filter Include="Quelldateien\menu">
      <UniqueIdentifier>{f7507ee8-fc70-444a-80a3-9f7f848e865f}</UniqueIdentifier>
    </Filter>
    <Filter Include="Quelldateien\state">
      <UniqueIdentifier>{2d484318-dcd3-42ea-b074-8724c87f02f6}</UniqueIdentifier>
    </Filter>
    <Filter Include="Headerdateien\messages">
      <UniqueIdentifier>{3a00fb6d-503f-48a6-91be-e8d0d77fb837}</UniqueIdentifier>
    </Filter>
    <Filter Include="Headerdateien\_generated">
      <UniqueIdentifier>{d50917d1-5120-4f7a-8bab-3b40bbedd5ea}</UniqueIdentifier>
    </Filter>
    <Filter Include="Headerdateien\_generated\messages">
      <UniqueIdentifier>{30e7a0dc-4eb1-42b6-b654-8382b41a611a}</UniqueIdentifier>
    </Filter>
    <Filter Include="Headerdateien\scenenodes">
      <UniqueIdentifier>{c934c31e-2512-4506-ae2b-5ad0b0612b20}</UniqueIdentifier>
    </Filter>
    <Filter Include="Headerdateien\gameclasses">
      <UniqueIdentifier>{ea310f4e-ee4d-42c0-8412-a0b6a3af82ca}</UniqueIdentifier>
    </Filter>
    <Filter Include="Headerdateien\gfx">
      <UniqueIdentifier>{63b329ac-23c1-44db-b511-ad54004b1b12}</UniqueIdentifier>
    </Filter>
    <Filter Include="Headerdateien\shader">
      <UniqueIdentifier>{98dfe258-a5ad-4e9d-ab36-9ce83db6beca}</UniqueIdentifier>
    </Filter>
    <Filter Include="Headerdateien\threads">
      <UniqueIdentifier>{445f8f39-f0c6-4acd-8a85-a308e4cb2e5a}</UniqueIdentifier>
    </Filter>
    <Filter Include="Quelldateien\_generated">
      <UniqueIdentifier>{a127e329-5c0e-4498-b862-82dc8c8a2a15}</UniqueIdentifier>
    </Filter>
    <Filter Include="Quelldateien\_generated\messages">
      <UniqueIdentifier>{d58cd15a-d319-4626-8cc3-0d71e0cbd02f}</UniqueIdentifier>
    </Filter>
    <Filter Include="Quelldateien\gameclasses">
      <UniqueIdentifier>{100b1174-1eff-4c4e-87bd-8a0e5842f065}</UniqueIdentifier>
    </Filter>
    <Filter Include="Quelldateien\shader">
      <UniqueIdentifier>{df67cec3-9ab0-4782-9d1d-56bf97735cb8}</UniqueIdentifier>
    </Filter>
    <Filter Include="Quelldateien\threads">
      <UniqueIdentifier>{4416b739-888f-4bb2-b776-ac5ffddd2af2}</UniqueIdentifier>
    </Filter>
    <Filter Include="Headerdateien\sound">
      <UniqueIdentifier>{6704f44b-4842-4cfd-8b32-f0c94ffa072c}</UniqueIdentifier>
    </Filter>
    <Filter Include="Quelldateien\sound">
      <UniqueIdentifier>{17c3544a-dc5a-434a-9c66-b3086946d53e}</UniqueIdentifier>
    </Filter>
    <Filter Include="Headerdateien\network">
      <UniqueIdentifier>{9c2add4e-19ce-4189-b764-9cd66a81f4f2}</UniqueIdentifier>
    </Filter>
    <Filter Include="Quelldateien\network">
      <UniqueIdentifier>{836c21c6-a6d5-4a15-9b61-ed17dcce5c40}</UniqueIdentifier>
    </Filter>
    <Filter Include="Quelldateien\liblua">
      <UniqueIdentifier>{ec6e0d26-509c-4576-aa88-2700f3433201}</UniqueIdentifier>
    </Filter>
    <Filter Include="Headerdateien\lua">
      <UniqueIdentifier>{33d8c787-f827-481a-9fed-aaf1bdccba76}</UniqueIdentifier>
    </Filter>
    <Filter Include="Quelldateien\lua">
      <UniqueIdentifier>{e7f5e139-3587-43cf-a0e4-1e420b4ff61c}</UniqueIdentifier>
    </Filter>
    <Filter Include="Headerdateien\liblua">
      <UniqueIdentifier>{03962f57-cf1a-40b0-bf12-ff31db0053af}</UniqueIdentifier>
    </Filter>
    <Filter Include="Quelldateien\_generated\lua">
      <UniqueIdentifier>{bdc355c4-b1fb-4c50-b57b-dd429159a060}</UniqueIdentifier>
    </Filter>
    <Filter Include="Headerdateien\_generated\lua">
      <UniqueIdentifier>{25690edf-f0a6-408f-a6f1-e85141fd8e91}</UniqueIdentifier>
    </Filter>
    <Filter Include="Quelldateien\scenenodes">
      <UniqueIdentifier>{a026ee08-e417-4cec-977d-223ae6f97dfd}</UniqueIdentifier>
    </Filter>
    <Filter Include="Headerdateien\gui\hud_items">
      <UniqueIdentifier>{3be8ea58-8031-40fa-933b-9e6758cc6d17}</UniqueIdentifier>
    </Filter>
    <Filter Include="Quelldateien\gui\hud_items">
      <UniqueIdentifier>{33593a2f-da2c-4006-85e8-ec95ea975eea}</UniqueIdentifier>
    </Filter>
  </ItemGroup>
</Project>