
Microsoft Visual Studio Solution File, Format Version 12.00
# Visual Studio Version 16
VisualStudioVersion = 16.0.32002.261
MinimumVisualStudioVersion = 10.0.40219.1
Project("{8BC9CEB8-8B4A-11D0-8D11-00A0C91BC942}") = "MarbleGP_Raspberry", "MarbleGP_Raspberry\MarbleGP_Raspberry.vcxproj", "{33280A06-5345-4596-879F-ABE02DF58248}"
EndProject
Global
	GlobalSection(SolutionConfigurationPlatforms) = preSolution
		Debug|ARM = Debug|ARM
		Debug|ARM64 = Debug|ARM64
		Debug|x64 = Debug|x64
		Debug|x86 = Debug|x86
		Release|ARM = Release|ARM
		Release|ARM64 = Release|ARM64
		Release|x64 = Release|x64
		Release|x86 = Release|x86
	EndGlobalSection
	GlobalSection(ProjectConfigurationPlatforms) = postSolution
		{33280A06-5345-4596-879F-ABE02DF58248}.Debug|ARM.ActiveCfg = Debug|ARM
		{33280A06-5345-4596-879F-ABE02DF58248}.Debug|ARM.Build.0 = Debug|ARM
		{33280A06-5345-4596-879F-ABE02DF58248}.Debug|ARM.Deploy.0 = Debug|ARM
		{33280A06-5345-4596-879F-ABE02DF58248}.Debug|ARM64.ActiveCfg = Debug|ARM64
		{33280A06-5345-4596-879F-ABE02DF58248}.Debug|ARM64.Build.0 = Debug|ARM64
		{33280A06-5345-4596-879F-ABE02DF58248}.Debug|ARM64.Deploy.0 = Debug|ARM64
		{33280A06-5345-4596-879F-ABE02DF58248}.Debug|x64.ActiveCfg = Debug|x64
		{33280A06-5345-4596-879F-ABE02DF58248}.Debug|x64.Build.0 = Debug|x64
		{33280A06-5345-4596-879F-ABE02DF58248}.Debug|x64.Deploy.0 = Debug|x64
		{33280A06-5345-4596-879F-ABE02DF58248}.Debug|x86.ActiveCfg = Debug|x86
		{33280A06-5345-4596-879F-ABE02DF58248}.Debug|x86.Build.0 = Debug|x86
		{33280A06-5345-4596-879F-ABE02DF58248}.Debug|x86.Deploy.0 = Debug|x86
		{33280A06-5345-4596-879F-ABE02DF58248}.Release|ARM.ActiveCfg = Release|ARM
		{33280A06-5345-4596-879F-ABE02DF58248}.Release|ARM.Build.0 = Release|ARM
		{33280A06-5345-4596-879F-ABE02DF58248}.Release|ARM.Deploy.0 = Release|ARM
		{33280A06-5345-4596-879F-ABE02DF58248}.Release|ARM64.ActiveCfg = Release|ARM64
		{33280A06-5345-4596-879F-ABE02DF58248}.Release|ARM64.Build.0 = Release|ARM64
		{33280A06-5345-4596-879F-ABE02DF58248}.Release|ARM64.Deploy.0 = Release|ARM64
		{33280A06-5345-4596-879F-ABE02DF58248}.Release|x64.ActiveCfg = Release|x64
		{33280A06-5345-4596-879F-ABE02DF58248}.Release|x64.Build.0 = Release|x64
		{33280A06-5345-4596-879F-ABE02DF58248}.Release|x64.Deploy.0 = Release|x64
		{33280A06-5345-4596-879F-ABE02DF58248}.Release|x86.ActiveCfg = Release|x86
		{33280A06-5345-4596-879F-ABE02DF58248}.Release|x86.Build.0 = Release|x86
		{33280A06-5345-4596-879F-ABE02DF58248}.Release|x86.Deploy.0 = Release|x86
	EndGlobalSection
	GlobalSection(SolutionProperties) = preSolution
		HideSolutionNode = FALSE
	EndGlobalSection
	GlobalSection(ExtensibilityGlobals) = postSolution
		SolutionGuid = {B71D005D-A7A3-4EDA-A3B9-87691A312E97}
	EndGlobalSection
EndGlobal
