<?xml version="1.0" encoding="utf-8"?>
<Project ToolsVersion="4.0" xmlns="http://schemas.microsoft.com/developer/msbuild/2003">
  <ItemGroup>
    <Filter Include="Quelldateien">
      <UniqueIdentifier>{ea90909c-4b32-44ad-b511-5902433bab74}</UniqueIdentifier>
    </Filter>
    <Filter Include="Headerdateien">
      <UniqueIdentifier>{9dd45caa-3708-49f2-835e-98ddc429dca4}</UniqueIdentifier>
    </Filter>
    <Filter Include="Headerdateien\_generated">
      <UniqueIdentifier>{2bacf4c8-7b45-42c5-8d67-fdb838ba6e9e}</UniqueIdentifier>
    </Filter>
    <Filter Include="Headerdateien\_generated\lua">
      <UniqueIdentifier>{d3f2a5aa-b1bf-4a5c-b245-764e85b2fe49}</UniqueIdentifier>
    </Filter>
    <Filter Include="Headerdateien\lua">
      <UniqueIdentifier>{f74b3389-64eb-431b-9ae7-cef3dc774960}</UniqueIdentifier>
    </Filter>
    <Filter Include="Headerdateien\platform">
      <UniqueIdentifier>{b39bd9bc-f744-40df-8db3-504398750a11}</UniqueIdentifier>
    </Filter>
    <Filter Include="Headerdateien\state">
      <UniqueIdentifier>{56caffbb-b815-4584-81dd-88db46829dd7}</UniqueIdentifier>
    </Filter>
    <Filter Include="Headerdateien\scenenodes">
      <UniqueIdentifier>{23e57824-f614-41c0-9cc7-5078ee8a314c}</UniqueIdentifier>
    </Filter>
    <Filter Include="Quelldateien\_generated">
      <UniqueIdentifier>{7f73499f-bcbb-43f0-9717-1fb3ecf0ed08}</UniqueIdentifier>
    </Filter>
    <Filter Include="Quelldateien\_generated\lua">
      <UniqueIdentifier>{af9f152b-fd89-44db-b369-82a95587848a}</UniqueIdentifier>
    </Filter>
    <Filter Include="Quelldateien\messages">
      <UniqueIdentifier>{ad73ab80-c5a5-489d-9fa9-5a29ce38d349}</UniqueIdentifier>
    </Filter>
    <Filter Include="Quelldateien\lua">
      <UniqueIdentifier>{9cd50927-3dff-40dd-b37d-d81880bf463d}</UniqueIdentifier>
    </Filter>
    <Filter Include="Quelldateien\platform">
      <UniqueIdentifier>{f27b3ea0-3bb6-413f-b196-46ca389d6828}</UniqueIdentifier>
    </Filter>
    <Filter Include="Quelldateien\state">
      <UniqueIdentifier>{74e87f21-e477-4889-948a-e04a7ae481d8}</UniqueIdentifier>
    </Filter>
    <Filter Include="Quelldateien\scenenodes">
      <UniqueIdentifier>{67527fd1-1162-402e-85af-70c8fb4a584b}</UniqueIdentifier>
    </Filter>
    <Filter Include="Headerdateien\_generated\messages">
      <UniqueIdentifier>{46a7ecd4-5d11-483d-bb69-f01195d23957}</UniqueIdentifier>
    </Filter>
    <Filter Include="Headerdateien\gameclasses">
      <UniqueIdentifier>{26765c2d-67c1-4a0e-86c9-75c14d541098}</UniqueIdentifier>
    </Filter>
    <Filter Include="Headerdateien\extensions">
      <UniqueIdentifier>{5e5a209d-d263-48cb-9f0a-7efd1bd9d345}</UniqueIdentifier>
    </Filter>
    <Filter Include="Headerdateien\messages">
      <UniqueIdentifier>{bb2168da-286b-431f-8969-f99f44252163}</UniqueIdentifier>
    </Filter>
    <Filter Include="Headerdateien\controller">
      <UniqueIdentifier>{5b80aa2e-f2c7-47ea-aa72-a3f27e129c4f}</UniqueIdentifier>
    </Filter>
    <Filter Include="Headerdateien\gfx">
      <UniqueIdentifier>{33d33368-440e-4927-be2e-720f2c862cdc}</UniqueIdentifier>
    </Filter>
    <Filter Include="Headerdateien\gui">
      <UniqueIdentifier>{eaa6099c-fa9f-4e83-a492-1314d81359a0}</UniqueIdentifier>
    </Filter>
    <Filter Include="Headerdateien\shader">
      <UniqueIdentifier>{663cb437-0ae0-4f2d-a5d7-d307a83b192d}</UniqueIdentifier>
    </Filter>
    <Filter Include="Headerdateien\sound">
      <UniqueIdentifier>{413e0c57-2e72-44db-8d34-f2492cb89fa8}</UniqueIdentifier>
    </Filter>
    <Filter Include="Headerdateien\threads">
      <UniqueIdentifier>{3224a53b-c655-4471-89a3-dba8668f2511}</UniqueIdentifier>
    </Filter>
    <Filter Include="Quelldateien\_generated\messages">
      <UniqueIdentifier>{69528f4a-e668-4631-b3a9-ffe03c4c991e}</UniqueIdentifier>
    </Filter>
    <Filter Include="Quelldateien\controller">
      <UniqueIdentifier>{e4b7a5a7-e2b9-443b-8bed-a65437566ef0}</UniqueIdentifier>
    </Filter>
    <Filter Include="Quelldateien\extensions">
      <UniqueIdentifier>{01d19bd2-067b-45af-95fb-65b6c8f440fa}</UniqueIdentifier>
    </Filter>
    <Filter Include="Quelldateien\gameclasses">
      <UniqueIdentifier>{15408b48-96e7-4a9a-bc77-c5f709681c8f}</UniqueIdentifier>
    </Filter>
    <Filter Include="Quelldateien\gui">
      <UniqueIdentifier>{0f357c89-2c13-4612-a547-a8eb025ad6a0}</UniqueIdentifier>
    </Filter>
    <Filter Include="Quelldateien\sound">
      <UniqueIdentifier>{02df00d8-6b91-4284-ae6a-7655a1ef1911}</UniqueIdentifier>
    </Filter>
    <Filter Include="Quelldateien\shader">
      <UniqueIdentifier>{6c7ed21f-f30b-4687-8478-3105466eed3d}</UniqueIdentifier>
    </Filter>
    <Filter Include="Quelldateien\threads">
      <UniqueIdentifier>{8e84bea4-a603-4b2b-876d-a13ad4cdbe25}</UniqueIdentifier>
    </Filter>
  </ItemGroup>
  <ItemGroup>
    <ClInclude Include="..\_source\include\CGlobal.h">
      <Filter>Headerdateien</Filter>
    </ClInclude>
    <ClInclude Include="..\_source\include\CMainClass.h">
      <Filter>Headerdateien</Filter>
    </ClInclude>
    <ClInclude Include="..\_source\include\_generated\lua\lua_enums.h">
      <Filter>Headerdateien\_generated\lua</Filter>
    </ClInclude>
    <ClInclude Include="..\_source\include\_generated\lua\lua_tables.h">
      <Filter>Headerdateien\_generated\lua</Filter>
    </ClInclude>
    <ClInclude Include="..\_source\include\lua\luawrap.hpp">
      <Filter>Headerdateien\lua</Filter>
    </ClInclude>
    <ClInclude Include="..\_source\include\lua\ILuaClass.h">
      <Filter>Headerdateien\lua</Filter>
    </ClInclude>
    <ClInclude Include="..\_source\include\messages\CMessageHelpers.h">
      <Filter>Headerdateien\messages</Filter>
    </ClInclude>
    <ClInclude Include="..\_source\include\platform\CPlatform.h">
      <Filter>Headerdateien\platform</Filter>
    </ClInclude>
    <ClInclude Include="..\_source\include\scenenodes\CSkyBoxFix.h">
      <Filter>Headerdateien\scenenodes</Filter>
    </ClInclude>
    <ClInclude Include="..\_source\include\state\CLuaState.h">
      <Filter>Headerdateien\state</Filter>
    </ClInclude>
    <ClInclude Include="..\_source\include\state\IState.h">
      <Filter>Headerdateien\state</Filter>
    </ClInclude>
    <ClInclude Include="..\_source\include\scenenodes\CMarbleGPSceneNodes.h">
      <Filter>Headerdateien\scenenodes</Filter>
    </ClInclude>
    <ClInclude Include="..\_source\include\scenenodes\CMarbleGPSceneNodeFactory.h">
      <Filter>Headerdateien\scenenodes</Filter>
    </ClInclude>
    <ClInclude Include="..\_source\include\_generated\lua\CLuaScript_gamelogic.h">
      <Filter>Headerdateien\_generated\lua</Filter>
    </ClInclude>
    <ClInclude Include="..\_source\include\_generated\lua\CLuaScript_physics.h">
      <Filter>Headerdateien\_generated\lua</Filter>
    </ClInclude>
    <ClInclude Include="..\_source\include\_generated\lua\CLuaSingleton_gamelogic.h">
      <Filter>Headerdateien\_generated\lua</Filter>
    </ClInclude>
    <ClInclude Include="..\_source\include\_generated\lua\CLuaSingleton_physics.h">
      <Filter>Headerdateien\_generated\lua</Filter>
    </ClInclude>
    <ClInclude Include="..\_source\include\_generated\messages\CMessageEnums.h">
      <Filter>Headerdateien\_generated\messages</Filter>
    </ClInclude>
    <ClInclude Include="..\_source\include\_generated\messages\CMessageFactory.h">
      <Filter>Headerdateien\_generated\messages</Filter>
    </ClInclude>
    <ClInclude Include="..\_source\include\_generated\messages\CMessages.h">
      <Filter>Headerdateien\_generated\messages</Filter>
    </ClInclude>
    <ClInclude Include="..\_source\include\_generated\messages\IDynamicThread.h">
      <Filter>Headerdateien\_generated\messages</Filter>
    </ClInclude>
    <ClInclude Include="..\_source\include\_generated\messages\IGameState.h">
      <Filter>Headerdateien\_generated\messages</Filter>
    </ClInclude>
    <ClInclude Include="..\_source\include\controller\CControllerBase.h">
      <Filter>Headerdateien\controller</Filter>
    </ClInclude>
    <ClInclude Include="..\_source\include\controller\CControllerFactory.h">
      <Filter>Headerdateien\controller</Filter>
    </ClInclude>
    <ClInclude Include="..\_source\include\controller\CControllerGame.h">
      <Filter>Headerdateien\controller</Filter>
    </ClInclude>
    <ClInclude Include="..\_source\include\controller\CControllerMenu.h">
      <Filter>Headerdateien\controller</Filter>
    </ClInclude>
    <ClInclude Include="..\_source\include\controller\CMarbleController.h">
      <Filter>Headerdateien\controller</Filter>
    </ClInclude>
    <ClInclude Include="..\_source\include\controller\IController.h">
      <Filter>Headerdateien\controller</Filter>
    </ClInclude>
    <ClInclude Include="..\_source\include\extensions\gui_freetype_font.h">
      <Filter>Headerdateien\extensions</Filter>
    </ClInclude>
    <ClInclude Include="..\_source\include\gameclasses\CDynamicThread.h">
      <Filter>Headerdateien\gameclasses</Filter>
    </ClInclude>
    <ClInclude Include="..\_source\include\gameclasses\COdeNodes.h">
      <Filter>Headerdateien\gameclasses</Filter>
    </ClInclude>
    <ClInclude Include="..\_source\include\gameclasses\ITriggerHandler.h">
      <Filter>Headerdateien\gameclasses</Filter>
    </ClInclude>
    <ClInclude Include="..\_source\include\gameclasses\SMarbleNodes.h">
      <Filter>Headerdateien\gameclasses</Filter>
    </ClInclude>
    <ClInclude Include="..\_source\include\gameclasses\SPlayer.h">
      <Filter>Headerdateien\gameclasses</Filter>
    </ClInclude>
    <ClInclude Include="..\_source\include\gfx\SViewPort.h">
      <Filter>Headerdateien\gfx</Filter>
    </ClInclude>
    <ClInclude Include="..\_source\include\gui\CButtonRenderer.h">
      <Filter>Headerdateien\gui</Filter>
    </ClInclude>
    <ClInclude Include="..\_source\include\gui\CClipImage.h">
      <Filter>Headerdateien\gui</Filter>
    </ClInclude>
    <ClInclude Include="..\_source\include\gui\CControllerUi.h">
      <Filter>Headerdateien\gui</Filter>
    </ClInclude>
    <ClInclude Include="..\_source\include\gui\CDialog.h">
      <Filter>Headerdateien\gui</Filter>
    </ClInclude>
    <ClInclude Include="..\_source\include\gui\CDustbinCheckbox.h">
      <Filter>Headerdateien\gui</Filter>
    </ClInclude>
    <ClInclude Include="..\_source\include\gui\CGuiItemFactory.h">
      <Filter>Headerdateien\gui</Filter>
    </ClInclude>
    <ClInclude Include="..\_source\include\gui\CMenuBackground.h">
      <Filter>Headerdateien\gui</Filter>
    </ClInclude>
    <ClInclude Include="..\_source\include\gui\CMenuButton.h">
      <Filter>Headerdateien\gui</Filter>
    </ClInclude>
    <ClInclude Include="..\_source\include\gui\CReactiveLabel.h">
      <Filter>Headerdateien\gui</Filter>
    </ClInclude>
    <ClInclude Include="..\_source\include\gui\CSelector.h">
      <Filter>Headerdateien\gui</Filter>
    </ClInclude>
    <ClInclude Include="..\_source\include\gui\CTrackButton.h">
      <Filter>Headerdateien\gui</Filter>
    </ClInclude>
    <ClInclude Include="..\_source\include\lua\CLuaCamera.h">
      <Filter>Headerdateien\lua</Filter>
    </ClInclude>
    <ClInclude Include="..\_source\include\lua\CLuaGuiItem.h">
      <Filter>Headerdateien\lua</Filter>
    </ClInclude>
    <ClInclude Include="..\_source\include\lua\CLuaHelpers.h">
      <Filter>Headerdateien\lua</Filter>
    </ClInclude>
    <ClInclude Include="..\_source\include\lua\CLuaPhysicsEntity.h">
      <Filter>Headerdateien\lua</Filter>
    </ClInclude>
    <ClInclude Include="..\_source\include\lua\CLuaSceneManager.h">
      <Filter>Headerdateien\lua</Filter>
    </ClInclude>
    <ClInclude Include="..\_source\include\lua\CLuaSceneNode.h">
      <Filter>Headerdateien\lua</Filter>
    </ClInclude>
    <ClInclude Include="..\_source\include\lua\CLuaScript_dialog.h">
      <Filter>Headerdateien\lua</Filter>
    </ClInclude>
    <ClInclude Include="..\_source\include\lua\CLuaSingleton_audio.h">
      <Filter>Headerdateien\lua</Filter>
    </ClInclude>
    <ClInclude Include="..\_source\include\lua\CLuaSingleton_system.h">
      <Filter>Headerdateien\lua</Filter>
    </ClInclude>
    <ClInclude Include="..\_source\include\lua\ILuaObject.h">
      <Filter>Headerdateien\lua</Filter>
    </ClInclude>
    <ClInclude Include="..\_source\include\messages\CSerializer64.h">
      <Filter>Headerdateien\messages</Filter>
    </ClInclude>
    <ClInclude Include="..\_source\include\messages\IMessage.h">
      <Filter>Headerdateien\messages</Filter>
    </ClInclude>
    <ClInclude Include="..\_source\include\messages\ISerializer.h">
      <Filter>Headerdateien\messages</Filter>
    </ClInclude>
    <ClInclude Include="..\_source\include\scenenodes\CCheckpointNode.h">
      <Filter>Headerdateien\scenenodes</Filter>
    </ClInclude>
    <ClInclude Include="..\_source\include\scenenodes\CCheckpointNode_Editor.h">
      <Filter>Headerdateien\scenenodes</Filter>
    </ClInclude>
    <ClInclude Include="..\_source\include\scenenodes\CDustbinId.h">
      <Filter>Headerdateien\scenenodes</Filter>
    </ClInclude>
    <ClInclude Include="..\_source\include\scenenodes\CJointNode.h">
      <Filter>Headerdateien\scenenodes</Filter>
    </ClInclude>
    <ClInclude Include="..\_source\include\scenenodes\CMarbleGPSceneNodeFactoryEditor.h">
      <Filter>Headerdateien\scenenodes</Filter>
    </ClInclude>
    <ClInclude Include="..\_source\include\scenenodes\CMyCameraAnimator.h">
      <Filter>Headerdateien\scenenodes</Filter>
    </ClInclude>
    <ClInclude Include="..\_source\include\scenenodes\CPhysicsNode.h">
      <Filter>Headerdateien\scenenodes</Filter>
    </ClInclude>
    <ClInclude Include="..\_source\include\scenenodes\CRespawnNode.h">
      <Filter>Headerdateien\scenenodes</Filter>
    </ClInclude>
    <ClInclude Include="..\_source\include\scenenodes\CRespawnNode_Editor.h">
      <Filter>Headerdateien\scenenodes</Filter>
    </ClInclude>
    <ClInclude Include="..\_source\include\scenenodes\CStartingGridSceneNode.h">
      <Filter>Headerdateien\scenenodes</Filter>
    </ClInclude>
    <ClInclude Include="..\_source\include\scenenodes\CStartingGridSceneNode_Base.h">
      <Filter>Headerdateien\scenenodes</Filter>
    </ClInclude>
    <ClInclude Include="..\_source\include\scenenodes\CStartingGridSceneNode_Editor.h">
      <Filter>Headerdateien\scenenodes</Filter>
    </ClInclude>
    <ClInclude Include="..\_source\include\scenenodes\CWorldNode.h">
      <Filter>Headerdateien\scenenodes</Filter>
    </ClInclude>
    <ClInclude Include="..\_source\include\shader\CMyShaderNone.h">
      <Filter>Headerdateien\shader</Filter>
    </ClInclude>
    <ClInclude Include="..\_source\include\shader\CShaderHandlerBase.h">
      <Filter>Headerdateien\shader</Filter>
    </ClInclude>
    <ClInclude Include="..\_source\include\sound\CSoundData.h">
      <Filter>Headerdateien\sound</Filter>
    </ClInclude>
    <ClInclude Include="..\_source\include\sound\CSoundEnums.h">
      <Filter>Headerdateien\sound</Filter>
    </ClInclude>
    <ClInclude Include="..\_source\include\sound\CSoundInterface.h">
      <Filter>Headerdateien\sound</Filter>
    </ClInclude>
    <ClInclude Include="..\_source\include\sound\OggHelpers.h">
      <Filter>Headerdateien\sound</Filter>
    </ClInclude>
    <ClInclude Include="..\_source\include\state\CErrorState.h">
      <Filter>Headerdateien\state</Filter>
    </ClInclude>
    <ClInclude Include="..\_source\include\state\CGameState.h">
      <Filter>Headerdateien\state</Filter>
    </ClInclude>
    <ClInclude Include="..\_source\include\threads\CMessageQueue.h">
      <Filter>Headerdateien\threads</Filter>
    </ClInclude>
    <ClInclude Include="..\_source\include\threads\IQueue.h">
      <Filter>Headerdateien\threads</Filter>
    </ClInclude>
    <ClInclude Include="..\_source\include\threads\IThread.h">
      <Filter>Headerdateien\threads</Filter>
    </ClInclude>
  </ItemGroup>
  <ItemGroup>
    <ClCompile Include="..\_source\source\CGlobal.cpp">
      <Filter>Quelldateien</Filter>
    </ClCompile>
    <ClCompile Include="..\_source\source\CMainClass.cpp">
      <Filter>Quelldateien</Filter>
    </ClCompile>
    <ClCompile Include="..\_source\source\MarbleGP.cpp">
      <Filter>Quelldateien</Filter>
    </ClCompile>
    <ClCompile Include="..\_source\source\_generated\lua\lua_binding.cpp">
      <Filter>Quelldateien\_generated\lua</Filter>
    </ClCompile>
    <ClCompile Include="..\_source\source\_generated\lua\lua_enums.cpp">
      <Filter>Quelldateien\_generated\lua</Filter>
    </ClCompile>
    <ClCompile Include="..\_source\source\_generated\lua\lua_tables.cpp">
      <Filter>Quelldateien\_generated\lua</Filter>
    </ClCompile>
    <ClCompile Include="..\_source\source\messages\CMessageHelpers.cpp">
      <Filter>Quelldateien\messages</Filter>
    </ClCompile>
    <ClCompile Include="..\_source\source\lua\ILuaClass.cpp">
      <Filter>Quelldateien\lua</Filter>
    </ClCompile>
    <ClCompile Include="..\_source\source\lua\luawrap.cpp">
      <Filter>Quelldateien\lua</Filter>
    </ClCompile>
    <ClCompile Include="..\_source\source\platform\CPlatformLinux.cpp">
      <Filter>Quelldateien\platform</Filter>
    </ClCompile>
    <ClCompile Include="..\_source\source\scenenodes\CSkyBoxFix.cpp">
      <Filter>Quelldateien\scenenodes</Filter>
    </ClCompile>
    <ClCompile Include="..\_source\source\state\CLuaState.cpp">
      <Filter>Quelldateien\state</Filter>
    </ClCompile>
    <ClCompile Include="..\_source\source\scenenodes\CMarbleGPSceneNodeFactory.cpp">
      <Filter>Quelldateien\scenenodes</Filter>
    </ClCompile>
    <ClCompile Include="..\_source\source\scenenodes\CMarbleGPSceneNodes.cpp">
      <Filter>Quelldateien\scenenodes</Filter>
    </ClCompile>
    <ClCompile Include="..\_source\source\_generated\messages\CMessageFactory.cpp">
      <Filter>Quelldateien\_generated\messages</Filter>
    </ClCompile>
    <ClCompile Include="..\_source\source\_generated\messages\CMessages.cpp">
      <Filter>Quelldateien\_generated\messages</Filter>
    </ClCompile>
    <ClCompile Include="..\_source\source\_generated\messages\IDynamicThread.cpp">
      <Filter>Quelldateien\_generated\messages</Filter>
    </ClCompile>
    <ClCompile Include="..\_source\source\_generated\messages\IGameState.cpp">
      <Filter>Quelldateien\_generated\messages</Filter>
    </ClCompile>
    <ClCompile Include="..\_source\source\controller\CControllerBase.cpp">
      <Filter>Quelldateien\controller</Filter>
    </ClCompile>
    <ClCompile Include="..\_source\source\controller\CControllerFactory.cpp">
      <Filter>Quelldateien\controller</Filter>
    </ClCompile>
    <ClCompile Include="..\_source\source\controller\CControllerGame.cpp">
      <Filter>Quelldateien\controller</Filter>
    </ClCompile>
    <ClCompile Include="..\_source\source\controller\CControllerMenu.cpp">
      <Filter>Quelldateien\controller</Filter>
    </ClCompile>
    <ClCompile Include="..\_source\source\controller\CMarbleController.cpp">
      <Filter>Quelldateien\controller</Filter>
    </ClCompile>
    <ClCompile Include="..\_source\source\extensions\gui_freetype_font.cpp">
      <Filter>Quelldateien\extensions</Filter>
    </ClCompile>
    <ClCompile Include="..\_source\source\gameclasses\CDynamicThread.cpp">
      <Filter>Quelldateien\gameclasses</Filter>
    </ClCompile>
    <ClCompile Include="..\_source\source\gameclasses\COdeNodes.cpp">
      <Filter>Quelldateien\gameclasses</Filter>
    </ClCompile>
    <ClCompile Include="..\_source\source\gui\CButtonRenderer.cpp">
      <Filter>Quelldateien\gui</Filter>
    </ClCompile>
    <ClCompile Include="..\_source\source\gui\CClipImage.cpp">
      <Filter>Quelldateien\gui</Filter>
    </ClCompile>
    <ClCompile Include="..\_source\source\gui\CControllerUi.cpp">
      <Filter>Quelldateien\gui</Filter>
    </ClCompile>
    <ClCompile Include="..\_source\source\gui\CDialog.cpp">
      <Filter>Quelldateien\gui</Filter>
    </ClCompile>
    <ClCompile Include="..\_source\source\gui\CDustbinCheckbox.cpp">
      <Filter>Quelldateien\gui</Filter>
    </ClCompile>
    <ClCompile Include="..\_source\source\gui\CGuiItemFactory.cpp">
      <Filter>Quelldateien\gui</Filter>
    </ClCompile>
    <ClCompile Include="..\_source\source\gui\CMenuBackground.cpp">
      <Filter>Quelldateien\gui</Filter>
    </ClCompile>
    <ClCompile Include="..\_source\source\gui\CMenuButton.cpp">
      <Filter>Quelldateien\gui</Filter>
    </ClCompile>
    <ClCompile Include="..\_source\source\gui\CReactiveLabel.cpp">
      <Filter>Quelldateien\gui</Filter>
    </ClCompile>
    <ClCompile Include="..\_source\source\gui\CSelector.cpp">
      <Filter>Quelldateien\gui</Filter>
    </ClCompile>
    <ClCompile Include="..\_source\source\gui\CTrackButton.cpp">
      <Filter>Quelldateien\gui</Filter>
    </ClCompile>
    <ClCompile Include="..\_source\source\lua\CLuaCamera.cpp">
      <Filter>Quelldateien\lua</Filter>
    </ClCompile>
    <ClCompile Include="..\_source\source\lua\CLuaGuiItem.cpp">
      <Filter>Quelldateien\lua</Filter>
    </ClCompile>
    <ClCompile Include="..\_source\source\lua\CLuaHelpers.cpp">
      <Filter>Quelldateien\lua</Filter>
    </ClCompile>
    <ClCompile Include="..\_source\source\lua\CLuaPhysics.cpp">
      <Filter>Quelldateien\lua</Filter>
    </ClCompile>
    <ClCompile Include="..\_source\source\lua\CLuaPhysicsEntity.cpp">
      <Filter>Quelldateien\lua</Filter>
    </ClCompile>
    <ClCompile Include="..\_source\source\lua\CLuaSceneManager.cpp">
      <Filter>Quelldateien\lua</Filter>
    </ClCompile>
    <ClCompile Include="..\_source\source\lua\CLuaSceneNode.cpp">
      <Filter>Quelldateien\lua</Filter>
    </ClCompile>
    <ClCompile Include="..\_source\source\lua\CLuaScript_dialog.cpp">
      <Filter>Quelldateien\lua</Filter>
    </ClCompile>
    <ClCompile Include="..\_source\source\lua\CLuaSingleton_audio.cpp">
      <Filter>Quelldateien\lua</Filter>
    </ClCompile>
    <ClCompile Include="..\_source\source\lua\CLuaSingleton_gamelogic.cpp">
      <Filter>Quelldateien\lua</Filter>
    </ClCompile>
    <ClCompile Include="..\_source\source\lua\CLuaSingleton_system.cpp">
      <Filter>Quelldateien\lua</Filter>
    </ClCompile>
    <ClCompile Include="..\_source\source\messages\CSerializer64.cpp">
      <Filter>Quelldateien\messages</Filter>
    </ClCompile>
    <ClCompile Include="..\_source\source\scenenodes\CCheckpointNode.cpp">
      <Filter>Quelldateien\scenenodes</Filter>
    </ClCompile>
    <ClCompile Include="..\_source\source\scenenodes\CCheckpointNode_Editor.cpp">
      <Filter>Quelldateien\scenenodes</Filter>
    </ClCompile>
    <ClCompile Include="..\_source\source\scenenodes\CDustbinId.cpp">
      <Filter>Quelldateien\scenenodes</Filter>
    </ClCompile>
    <ClCompile Include="..\_source\source\scenenodes\CJointNode.cpp">
      <Filter>Quelldateien\scenenodes</Filter>
    </ClCompile>
    <ClCompile Include="..\_source\source\scenenodes\CMarbleGPSceneNodeFactoryEditor.cpp">
      <Filter>Quelldateien\scenenodes</Filter>
    </ClCompile>
    <ClCompile Include="..\_source\source\scenenodes\CMyCameraAnimator.cpp">
      <Filter>Quelldateien\scenenodes</Filter>
    </ClCompile>
    <ClCompile Include="..\_source\source\scenenodes\CPhysicsNode.cpp">
      <Filter>Quelldateien\scenenodes</Filter>
    </ClCompile>
    <ClCompile Include="..\_source\source\scenenodes\CRespawnNode.cpp">
      <Filter>Quelldateien\scenenodes</Filter>
    </ClCompile>
    <ClCompile Include="..\_source\source\scenenodes\CRespawnNode_Editor.cpp">
      <Filter>Quelldateien\scenenodes</Filter>
    </ClCompile>
    <ClCompile Include="..\_source\source\scenenodes\CStartingGridSceneNode.cpp">
      <Filter>Quelldateien\scenenodes</Filter>
    </ClCompile>
    <ClCompile Include="..\_source\source\scenenodes\CStartingGridSceneNode_Base.cpp">
      <Filter>Quelldateien\scenenodes</Filter>
    </ClCompile>
    <ClCompile Include="..\_source\source\scenenodes\CStartingGridSceneNode_Editor.cpp">
      <Filter>Quelldateien\scenenodes</Filter>
    </ClCompile>
    <ClCompile Include="..\_source\source\scenenodes\CWorldNode.cpp">
      <Filter>Quelldateien\scenenodes</Filter>
    </ClCompile>
    <ClCompile Include="..\_source\source\sound\CSoundData.cpp">
      <Filter>Quelldateien\sound</Filter>
    </ClCompile>
    <ClCompile Include="..\_source\source\sound\CSoundInterface.cpp">
      <Filter>Quelldateien\sound</Filter>
    </ClCompile>
    <ClCompile Include="..\_source\source\sound\OggHelpers.cpp">
      <Filter>Quelldateien\sound</Filter>
    </ClCompile>
    <ClCompile Include="..\_source\source\shader\CShaderHandlerBase.cpp">
      <Filter>Quelldateien\shader</Filter>
    </ClCompile>
    <ClCompile Include="..\_source\source\shader\CShaderHandlerNone.cpp">
      <Filter>Quelldateien\shader</Filter>
    </ClCompile>
    <ClCompile Include="..\_source\source\state\CErrorState.cpp">
      <Filter>Quelldateien\state</Filter>
    </ClCompile>
    <ClCompile Include="..\_source\source\state\CGameState.cpp">
      <Filter>Quelldateien\state</Filter>
    </ClCompile>
    <ClCompile Include="..\_source\source\threads\CMessageQueue.cpp">
      <Filter>Quelldateien\threads</Filter>
    </ClCompile>
  </ItemGroup>
</Project>