<?xml version="1.0" encoding="utf-8"?>
<Project ToolsVersion="4.0" xmlns="http://schemas.microsoft.com/developer/msbuild/2003">
  <ItemGroup>
    <Filter Include="Quelldateien">
      <UniqueIdentifier>{4FC737F1-C7A5-4376-A066-2A32D752A2FF}</UniqueIdentifier>
      <Extensions>cpp;c;cc;cxx;c++;cppm;ixx;def;odl;idl;hpj;bat;asm;asmx</Extensions>
    </Filter>
    <Filter Include="Headerdateien">
      <UniqueIdentifier>{93995380-89BD-4b04-88EB-625FBE52EBFB}</UniqueIdentifier>
      <Extensions>h;hh;hpp;hxx;h++;hm;inl;inc;ipp;xsd</Extensions>
    </Filter>
    <Filter Include="Ressourcendateien">
      <UniqueIdentifier>{67DA6AB6-F800-4c08-8B7A-83BB121AAD01}</UniqueIdentifier>
      <Extensions>rc;ico;cur;bmp;dlg;rc2;rct;bin;rgs;gif;jpg;jpeg;jpe;resx;tiff;tif;png;wav;mfcribbon-ms</Extensions>
    </Filter>
    <Filter Include="Headerdateien\state">
      <UniqueIdentifier>{5d98a9e5-cff6-451d-94aa-8e30bd435512}</UniqueIdentifier>
    </Filter>
    <Filter Include="Headerdateien\platform">
      <UniqueIdentifier>{62f66556-a3d9-4a18-bf42-23800a4b2482}</UniqueIdentifier>
    </Filter>
    <Filter Include="Quelldateien\platform">
      <UniqueIdentifier>{67f27871-09cc-4ed2-ae8c-446b68fb0b40}</UniqueIdentifier>
    </Filter>
    <Filter Include="Headerdateien\_generated">
      <UniqueIdentifier>{15f0474b-f1d3-4c7e-88b2-1ff1c6270990}</UniqueIdentifier>
    </Filter>
    <Filter Include="Quelldateien\_generated">
      <UniqueIdentifier>{fa0f44f8-d6c2-478c-be93-d21c77de76a1}</UniqueIdentifier>
    </Filter>
    <Filter Include="Headerdateien\lua">
      <UniqueIdentifier>{1aaafb64-d7f5-49cd-8766-a66198585d3a}</UniqueIdentifier>
    </Filter>
    <Filter Include="Quelldateien\lua">
      <UniqueIdentifier>{680145dd-a1a4-4d23-87d2-3dd75be0d7e4}</UniqueIdentifier>
    </Filter>
    <Filter Include="Headerdateien\messages">
      <UniqueIdentifier>{5d6bd0d3-13d8-4a1b-8233-02e88da57b93}</UniqueIdentifier>
    </Filter>
    <Filter Include="Quelldateien\messages">
      <UniqueIdentifier>{3100aa93-7c43-4c1a-aad5-8f15b8c35e71}</UniqueIdentifier>
    </Filter>
    <Filter Include="Quelldateien\state">
      <UniqueIdentifier>{fde98c10-ad50-4942-9734-bbad906b25d0}</UniqueIdentifier>
    </Filter>
    <Filter Include="Headerdateien\scenenodes">
      <UniqueIdentifier>{ea7b8877-fe95-4989-84ee-e13557d8bb83}</UniqueIdentifier>
    </Filter>
    <Filter Include="Quelldateien\scenenodes">
      <UniqueIdentifier>{e5c651bd-3eb6-4298-a1d5-3400553482a4}</UniqueIdentifier>
    </Filter>
    <Filter Include="Headerdateien\_generated\messages">
      <UniqueIdentifier>{125906d5-1c3b-49b5-b983-6a95239a4d80}</UniqueIdentifier>
    </Filter>
    <Filter Include="Quelldateien\_generated\messages">
      <UniqueIdentifier>{031fa09a-8655-49bf-b7f1-e9d127c26de0}</UniqueIdentifier>
    </Filter>
    <Filter Include="Headerdateien\threads">
      <UniqueIdentifier>{21881818-f92b-4943-a2a1-0a8488c2bcb4}</UniqueIdentifier>
    </Filter>
    <Filter Include="Quelldateien\threads">
      <UniqueIdentifier>{1f30cc15-f9bd-4d62-8828-1f1f5e9bf70b}</UniqueIdentifier>
    </Filter>
    <Filter Include="Headerdateien\_generated\lua">
      <UniqueIdentifier>{10f893db-0c92-4434-a9a3-54b651be9660}</UniqueIdentifier>
    </Filter>
    <Filter Include="Quelldateien\_generated\lua">
      <UniqueIdentifier>{ce579f79-47e7-42c3-9e57-8ba4652f29ee}</UniqueIdentifier>
    </Filter>
    <Filter Include="Headerdateien\sound">
      <UniqueIdentifier>{8581cd10-a358-425e-ae59-9e5101c37763}</UniqueIdentifier>
    </Filter>
    <Filter Include="Quelldateien\sound">
      <UniqueIdentifier>{d5104d8c-7d71-4673-aba4-8631ae65bc44}</UniqueIdentifier>
    </Filter>
    <Filter Include="Quelldateien\extensions">
      <UniqueIdentifier>{d6530817-877c-4e44-90cf-36c3f8f877fe}</UniqueIdentifier>
    </Filter>
    <Filter Include="Headerdateien\extensions">
      <UniqueIdentifier>{e660e04b-0c20-4d8a-a3e7-07664aaf3784}</UniqueIdentifier>
    </Filter>
    <Filter Include="Headerdateien\gui">
      <UniqueIdentifier>{bdced1ab-60f4-414d-8bd9-e041a2188a86}</UniqueIdentifier>
    </Filter>
    <Filter Include="Quelldateien\gui">
      <UniqueIdentifier>{b508adcf-3eb1-4f78-a883-5a6598644754}</UniqueIdentifier>
    </Filter>
    <Filter Include="Headerdateien\controller">
      <UniqueIdentifier>{b12d56c0-0acd-49bf-b467-2b66f5a424a6}</UniqueIdentifier>
    </Filter>
    <Filter Include="Quelldateien\controller">
      <UniqueIdentifier>{da810d51-2bdb-48fd-a179-9cdbc42d0741}</UniqueIdentifier>
    </Filter>
    <Filter Include="Headerdateien\shader">
      <UniqueIdentifier>{52a3800b-2b8e-4355-b1e7-853146a1700f}</UniqueIdentifier>
    </Filter>
    <Filter Include="Quelldateien\shader">
      <UniqueIdentifier>{5fdf6a4f-420d-4217-9376-45bb9e76c8c2}</UniqueIdentifier>
    </Filter>
    <Filter Include="Headerdateien\xeffects">
      <UniqueIdentifier>{3ed22105-a340-4b65-953b-699cccff65d4}</UniqueIdentifier>
    </Filter>
    <Filter Include="Quelldateien\xeffects">
      <UniqueIdentifier>{19b12f49-a4e9-42a7-a6a2-a3caa798ade8}</UniqueIdentifier>
    </Filter>
    <Filter Include="Headerdateien\gfx">
      <UniqueIdentifier>{15cad7ee-86c5-47ab-aecc-09b7c3ffaef8}</UniqueIdentifier>
    </Filter>
    <Filter Include="Quelldateien\gfx">
      <UniqueIdentifier>{b2b6a86a-7341-4a0f-9b91-8c0f7746fa6c}</UniqueIdentifier>
    </Filter>
    <Filter Include="Headerdateien\gameclasses">
      <UniqueIdentifier>{d869375b-e3fc-4ac7-b693-7283acb40696}</UniqueIdentifier>
    </Filter>
    <Filter Include="Quelldateien\gameclasses">
      <UniqueIdentifier>{0dfbfda0-4c79-4bef-967b-72b44b5bf064}</UniqueIdentifier>
    </Filter>
  </ItemGroup>
  <ItemGroup>
    <ClCompile Include="..\_source\source\MarbleGP.cpp">
      <Filter>Quelldateien</Filter>
    </ClCompile>
    <ClCompile Include="..\_source\source\CGlobal.cpp">
      <Filter>Quelldateien</Filter>
    </ClCompile>
    <ClCompile Include="..\_source\source\CMainClass.cpp">
      <Filter>Quelldateien</Filter>
    </ClCompile>
    <ClCompile Include="..\_source\source\platform\CPlatformWindows.cpp">
      <Filter>Quelldateien\platform</Filter>
    </ClCompile>
    <ClCompile Include="..\_source\source\messages\CMessageHelpers.cpp">
      <Filter>Quelldateien\messages</Filter>
    </ClCompile>
    <ClCompile Include="..\_source\source\state\CLuaState.cpp">
      <Filter>Quelldateien\state</Filter>
    </ClCompile>
    <ClCompile Include="..\_source\source\scenenodes\CSkyBoxFix.cpp">
      <Filter>Quelldateien\scenenodes</Filter>
    </ClCompile>
    <ClCompile Include="..\_source\source\scenenodes\CMarbleGPSceneNodeFactory.cpp">
      <Filter>Quelldateien\scenenodes</Filter>
    </ClCompile>
    <ClCompile Include="..\_source\source\_generated\messages\CMessageFactory.cpp">
      <Filter>Quelldateien\_generated\messages</Filter>
    </ClCompile>
    <ClCompile Include="..\_source\source\_generated\messages\CMessages.cpp">
      <Filter>Quelldateien\_generated\messages</Filter>
    </ClCompile>
    <ClCompile Include="..\_source\source\threads\CMessageQueue.cpp">
      <Filter>Quelldateien\threads</Filter>
    </ClCompile>
    <ClCompile Include="..\_source\source\lua\CLuaScript_dialog.cpp">
      <Filter>Quelldateien\lua</Filter>
    </ClCompile>
    <ClCompile Include="..\_source\source\lua\CLuaSceneManager.cpp">
      <Filter>Quelldateien\lua</Filter>
    </ClCompile>
    <ClCompile Include="..\_source\source\lua\CLuaCamera.cpp">
      <Filter>Quelldateien\lua</Filter>
    </ClCompile>
    <ClCompile Include="..\_source\source\lua\CLuaSingleton_system.cpp">
      <Filter>Quelldateien\lua</Filter>
    </ClCompile>
    <ClCompile Include="..\_source\source\lua\CLuaSceneNode.cpp">
      <Filter>Quelldateien\lua</Filter>
    </ClCompile>
    <ClCompile Include="..\_source\source\lua\CLuaHelpers.cpp">
      <Filter>Quelldateien\lua</Filter>
    </ClCompile>
    <ClCompile Include="..\_source\source\_generated\lua\lua_tables.cpp">
      <Filter>Quelldateien\_generated\lua</Filter>
    </ClCompile>
    <ClCompile Include="..\_source\source\sound\CSoundData.cpp">
      <Filter>Quelldateien\sound</Filter>
    </ClCompile>
    <ClCompile Include="..\_source\source\sound\CSoundInterface.cpp">
      <Filter>Quelldateien\sound</Filter>
    </ClCompile>
    <ClCompile Include="..\_source\source\sound\OggHelpers.cpp">
      <Filter>Quelldateien\sound</Filter>
    </ClCompile>
    <ClCompile Include="..\_source\source\lua\CLuaSingleton_audio.cpp">
      <Filter>Quelldateien\lua</Filter>
    </ClCompile>
    <ClCompile Include="..\_source\source\extensions\gui_freetype_font.cpp">
      <Filter>Quelldateien\extensions</Filter>
    </ClCompile>
    <ClCompile Include="..\_source\source\gui\CDialog.cpp">
      <Filter>Quelldateien\gui</Filter>
    </ClCompile>
    <ClCompile Include="..\_source\source\gui\CMenuButton.cpp">
      <Filter>Quelldateien\gui</Filter>
    </ClCompile>
    <ClCompile Include="..\_source\source\gui\CGuiItemFactory.cpp">
      <Filter>Quelldateien\gui</Filter>
    </ClCompile>
    <ClCompile Include="..\_source\source\gui\CMenuBackground.cpp">
      <Filter>Quelldateien\gui</Filter>
    </ClCompile>
    <ClCompile Include="..\_source\source\scenenodes\CMarbleGPSceneNodeFactoryEditor.cpp">
      <Filter>Quelldateien\scenenodes</Filter>
    </ClCompile>
    <ClCompile Include="..\_source\source\lua\CLuaGuiItem.cpp">
      <Filter>Quelldateien\lua</Filter>
    </ClCompile>
    <ClCompile Include="..\_source\source\gui\CButtonRenderer.cpp">
      <Filter>Quelldateien\gui</Filter>
    </ClCompile>
    <ClCompile Include="..\_source\source\state\CErrorState.cpp">
      <Filter>Quelldateien\state</Filter>
    </ClCompile>
    <ClCompile Include="..\_source\source\controller\CControllerBase.cpp">
      <Filter>Quelldateien\controller</Filter>
    </ClCompile>
    <ClCompile Include="..\_source\source\controller\CControllerMenu.cpp">
      <Filter>Quelldateien\controller</Filter>
    </ClCompile>
    <ClCompile Include="..\_source\source\gui\CControllerUi.cpp">
      <Filter>Quelldateien\gui</Filter>
    </ClCompile>
    <ClCompile Include="..\_source\source\gui\CDhstbinCheckbox.cpp">
      <Filter>Quelldateien\gui</Filter>
    </ClCompile>
    <ClCompile Include="..\_source\source\gui\CSelector.cpp">
      <Filter>Quelldateien\gui</Filter>
    </ClCompile>
    <ClCompile Include="..\_source\source\controller\CControllerGame.cpp">
      <Filter>Quelldateien\controller</Filter>
    </ClCompile>
    <ClCompile Include="..\_source\source\gui\CReactiveLabel.cpp">
      <Filter>Quelldateien\gui</Filter>
    </ClCompile>
    <ClCompile Include="..\_source\source\gui\CClipImage.cpp">
      <Filter>Quelldateien\gui</Filter>
    </ClCompile>
    <ClCompile Include="..\_source\source\messages\CSerializer64.cpp">
      <Filter>Quelldateien\messages</Filter>
    </ClCompile>
    <ClCompile Include="..\_source\source\gui\CTrackButton.cpp">
      <Filter>Quelldateien\gui</Filter>
    </ClCompile>
    <ClCompile Include="..\_source\source\scenenodes\CPhysicsNode.cpp">
      <Filter>Quelldateien\scenenodes</Filter>
    </ClCompile>
    <ClCompile Include="..\_source\source\scenenodes\CWorldNode.cpp">
      <Filter>Quelldateien\scenenodes</Filter>
    </ClCompile>
    <ClCompile Include="..\_source\source\scenenodes\CStartingGridSceneNode_Editor.cpp">
      <Filter>Quelldateien\scenenodes</Filter>
    </ClCompile>
    <ClCompile Include="..\_source\source\scenenodes\CDustbinId.cpp">
      <Filter>Quelldateien\scenenodes</Filter>
    </ClCompile>
    <ClCompile Include="..\_source\source\shader\CShaderHandlerBase.cpp">
      <Filter>Quelldateien\shader</Filter>
    </ClCompile>
    <ClCompile Include="..\_source\source\shader\CShaderHandlerNone.cpp">
      <Filter>Quelldateien\shader</Filter>
    </ClCompile>
    <ClCompile Include="..\_source\source\shader\CShaderHandlerXEffect.cpp">
      <Filter>Quelldateien\shader</Filter>
    </ClCompile>
    <ClCompile Include="..\_source\source\shader\CShaderHandleXEffectSplitscreen.cpp">
      <Filter>Quelldateien\shader</Filter>
    </ClCompile>
    <ClCompile Include="..\_source\source\xeffects\CShaderPre.cpp">
      <Filter>Quelldateien\xeffects</Filter>
    </ClCompile>
    <ClCompile Include="..\_source\source\xeffects\EffectHandler.cpp">
      <Filter>Quelldateien\xeffects</Filter>
    </ClCompile>
    <ClCompile Include="..\_source\source\state\CGameState.cpp">
      <Filter>Quelldateien\state</Filter>
    </ClCompile>
    <ClCompile Include="..\_source\source\scenenodes\CStartingGridSceneNode_Base.cpp">
      <Filter>Quelldateien\scenenodes</Filter>
    </ClCompile>
    <ClCompile Include="..\_source\source\scenenodes\CStartingGridSceneNode.cpp">
      <Filter>Quelldateien\scenenodes</Filter>
    </ClCompile>
    <ClCompile Include="..\_source\source\gameclasses\CDynamicThread.cpp">
      <Filter>Quelldateien\gameclasses</Filter>
    </ClCompile>
    <ClCompile Include="..\_source\source\gameclasses\COdeNodes.cpp">
      <Filter>Quelldateien\gameclasses</Filter>
    </ClCompile>
    <ClCompile Include="..\_source\source\_generated\messages\IDynamicThread.cpp">
      <Filter>Quelldateien\_generated\messages</Filter>
    </ClCompile>
    <ClCompile Include="..\_source\source\_generated\messages\IGameState.cpp">
      <Filter>Quelldateien\_generated\messages</Filter>
    </ClCompile>
    <ClCompile Include="..\_source\source\controller\CMarbleController.cpp">
      <Filter>Quelldateien\controller</Filter>
    </ClCompile>
    <ClCompile Include="..\_source\source\controller\CControllerFactory.cpp">
      <Filter>Quelldateien\controller</Filter>
    </ClCompile>
    <ClCompile Include="..\_source\source\scenenodes\CMyCameraAnimator.cpp">
      <Filter>Quelldateien\scenenodes</Filter>
    </ClCompile>
    <ClCompile Include="..\_source\source\scenenodes\CCheckpointNode.cpp">
      <Filter>Quelldateien\scenenodes</Filter>
    </ClCompile>
    <ClCompile Include="..\_source\source\scenenodes\CCheckpointNode_Editor.cpp">
      <Filter>Quelldateien\scenenodes</Filter>
    </ClCompile>
    <ClCompile Include="..\_source\source\scenenodes\CRespawnNode.cpp">
      <Filter>Quelldateien\scenenodes</Filter>
    </ClCompile>
    <ClCompile Include="..\_source\source\scenenodes\CRespawnNode_Editor.cpp">
      <Filter>Quelldateien\scenenodes</Filter>
    </ClCompile>
    <ClCompile Include="..\_source\source\scenenodes\CJointNode.cpp">
      <Filter>Quelldateien\scenenodes</Filter>
    </ClCompile>
    <ClCompile Include="..\_source\source\lua\CLuaPhysicsEntity.cpp">
      <Filter>Quelldateien\lua</Filter>
    </ClCompile>
    <ClCompile Include="..\_source\source\lua\CLuaScript_dynamics.cpp">
      <Filter>Quelldateien\lua</Filter>
    </ClCompile>
  </ItemGroup>
  <ItemGroup>
    <ClInclude Include="..\_source\include\CMainClass.h">
      <Filter>Headerdateien</Filter>
    </ClInclude>
    <ClInclude Include="..\_source\include\CGlobal.h">
      <Filter>Headerdateien</Filter>
    </ClInclude>
    <ClInclude Include="..\_source\include\state\IState.h">
      <Filter>Headerdateien\state</Filter>
    </ClInclude>
    <ClInclude Include="..\_source\include\platform\CPlatform.h">
      <Filter>Headerdateien\platform</Filter>
    </ClInclude>
    <ClInclude Include="..\_source\include\messages\CMessageHelpers.h">
      <Filter>Headerdateien\messages</Filter>
    </ClInclude>
    <ClInclude Include="..\_source\include\state\CLuaState.h">
      <Filter>Headerdateien\state</Filter>
    </ClInclude>
    <ClInclude Include="..\_source\include\scenenodes\CSkyBoxFix.h">
      <Filter>Headerdateien\scenenodes</Filter>
    </ClInclude>
    <ClInclude Include="..\_source\include\scenenodes\CMarbleGPSceneNodeFactory.h">
      <Filter>Headerdateien\scenenodes</Filter>
    </ClInclude>
    <ClInclude Include="..\_source\include\_generated\messages\CMessageEnums.h">
      <Filter>Headerdateien\_generated\messages</Filter>
    </ClInclude>
    <ClInclude Include="..\_source\include\_generated\messages\CMessageFactory.h">
      <Filter>Headerdateien\_generated\messages</Filter>
    </ClInclude>
    <ClInclude Include="..\_source\include\_generated\messages\CMessages.h">
      <Filter>Headerdateien\_generated\messages</Filter>
    </ClInclude>
    <ClInclude Include="..\_source\include\threads\CMessageQueue.h">
      <Filter>Headerdateien\threads</Filter>
    </ClInclude>
    <ClInclude Include="..\_source\include\threads\IQueue.h">
      <Filter>Headerdateien\threads</Filter>
    </ClInclude>
    <ClInclude Include="..\_source\include\messages\IMessage.h">
      <Filter>Headerdateien\messages</Filter>
    </ClInclude>
    <ClInclude Include="..\_source\include\messages\ISerializer.h">
      <Filter>Headerdateien\messages</Filter>
    </ClInclude>
    <ClInclude Include="..\_source\include\lua\CLuaHelpers.h">
      <Filter>Headerdateien\lua</Filter>
    </ClInclude>
    <ClInclude Include="..\_source\include\lua\CLuaScript_dialog.h">
      <Filter>Headerdateien\lua</Filter>
    </ClInclude>
    <ClInclude Include="..\_source\include\lua\CLuaSceneManager.h">
      <Filter>Headerdateien\lua</Filter>
    </ClInclude>
    <ClInclude Include="..\_source\include\lua\CLuaCamera.h">
      <Filter>Headerdateien\lua</Filter>
    </ClInclude>
    <ClInclude Include="..\_source\include\lua\ILuaObject.h">
      <Filter>Headerdateien\lua</Filter>
    </ClInclude>
    <ClInclude Include="..\_source\include\lua\CLuaSingleton_system.h">
      <Filter>Headerdateien\lua</Filter>
    </ClInclude>
    <ClInclude Include="..\_source\include\lua\CLuaSceneNode.h">
      <Filter>Headerdateien\lua</Filter>
    </ClInclude>
    <ClInclude Include="..\_source\include\_generated\lua\lua_tables.h">
      <Filter>Headerdateien\_generated\lua</Filter>
    </ClInclude>
    <ClInclude Include="..\_source\include\sound\CSoundData.h">
      <Filter>Headerdateien\sound</Filter>
    </ClInclude>
    <ClInclude Include="..\_source\include\sound\CSoundEnums.h">
      <Filter>Headerdateien\sound</Filter>
    </ClInclude>
    <ClInclude Include="..\_source\include\sound\CSoundInterface.h">
      <Filter>Headerdateien\sound</Filter>
    </ClInclude>
    <ClInclude Include="..\_source\include\sound\OggHelpers.h">
      <Filter>Headerdateien\sound</Filter>
    </ClInclude>
    <ClInclude Include="..\_source\include\lua\CLuaSingleton_audio.h">
      <Filter>Headerdateien\lua</Filter>
    </ClInclude>
    <ClInclude Include="..\_source\include\extensions\gui_freetype_font.h">
      <Filter>Headerdateien\extensions</Filter>
    </ClInclude>
    <ClInclude Include="..\_source\include\gui\CDialog.h">
      <Filter>Headerdateien\gui</Filter>
    </ClInclude>
    <ClInclude Include="..\_source\include\gui\CMenuButton.h">
      <Filter>Headerdateien\gui</Filter>
    </ClInclude>
    <ClInclude Include="..\_source\include\gui\CGuiItemFactory.h">
      <Filter>Headerdateien\gui</Filter>
    </ClInclude>
    <ClInclude Include="..\_source\include\gui\CMenuBackground.h">
      <Filter>Headerdateien\gui</Filter>
    </ClInclude>
    <ClInclude Include="..\_source\include\lua\CLuaGuiItem.h">
      <Filter>Headerdateien\lua</Filter>
    </ClInclude>
    <ClInclude Include="..\_source\include\gui\CButtonRenderer.h">
      <Filter>Headerdateien\gui</Filter>
    </ClInclude>
    <ClInclude Include="..\_source\include\state\CErrorState.h">
      <Filter>Headerdateien\state</Filter>
    </ClInclude>
    <ClInclude Include="..\_source\include\controller\CControllerBase.h">
      <Filter>Headerdateien\controller</Filter>
    </ClInclude>
    <ClInclude Include="..\_source\include\controller\CControllerMenu.h">
      <Filter>Headerdateien\controller</Filter>
    </ClInclude>
    <ClInclude Include="..\_source\include\gui\CControllerUi.h">
      <Filter>Headerdateien\gui</Filter>
    </ClInclude>
    <ClInclude Include="..\_source\include\gui\CDustbinCheckbox.h">
      <Filter>Headerdateien\gui</Filter>
    </ClInclude>
    <ClInclude Include="..\_source\include\gui\CSelector.h">
      <Filter>Headerdateien\gui</Filter>
    </ClInclude>
    <ClInclude Include="..\_source\include\controller\CControllerGame.h">
      <Filter>Headerdateien\controller</Filter>
    </ClInclude>
    <ClInclude Include="..\_source\include\gui\CReactiveLabel.h">
      <Filter>Headerdateien\gui</Filter>
    </ClInclude>
    <ClInclude Include="..\_source\include\gui\CClipImage.h">
      <Filter>Headerdateien\gui</Filter>
    </ClInclude>
    <ClInclude Include="..\_source\include\messages\CSerializer64.h">
      <Filter>Headerdateien\messages</Filter>
    </ClInclude>
    <ClInclude Include="..\_source\include\gui\CTrackButton.h">
      <Filter>Headerdateien\gui</Filter>
    </ClInclude>
    <ClInclude Include="..\_source\include\scenenodes\CPhysicsNode.h">
      <Filter>Headerdateien\scenenodes</Filter>
    </ClInclude>
    <ClInclude Include="..\_source\include\scenenodes\CWorldNode.h">
      <Filter>Headerdateien\scenenodes</Filter>
    </ClInclude>
    <ClInclude Include="..\_source\include\scenenodes\CDustbinId.h">
      <Filter>Headerdateien\scenenodes</Filter>
    </ClInclude>
    <ClInclude Include="..\_source\include\shader\CMyShaderNone.h">
      <Filter>Headerdateien\shader</Filter>
    </ClInclude>
    <ClInclude Include="..\_source\include\shader\CShaderHandlerBase.h">
      <Filter>Headerdateien\shader</Filter>
    </ClInclude>
    <ClInclude Include="..\_source\include\shader\CShaderHandlerXEffect.h">
      <Filter>Headerdateien\shader</Filter>
    </ClInclude>
    <ClInclude Include="..\_source\include\shader\CShaderHandleXEffectSplitscreen.h">
      <Filter>Headerdateien\shader</Filter>
    </ClInclude>
    <ClInclude Include="..\_source\include\xeffects\CScreenQuad.h">
      <Filter>Headerdateien\xeffects</Filter>
    </ClInclude>
    <ClInclude Include="..\_source\include\xeffects\CShaderPre.h">
      <Filter>Headerdateien\xeffects</Filter>
    </ClInclude>
    <ClInclude Include="..\_source\include\xeffects\EffectCB.h">
      <Filter>Headerdateien\xeffects</Filter>
    </ClInclude>
    <ClInclude Include="..\_source\include\xeffects\EffectHandler.h">
      <Filter>Headerdateien\xeffects</Filter>
    </ClInclude>
    <ClInclude Include="..\_source\include\xeffects\EffectShaders.h">
      <Filter>Headerdateien\xeffects</Filter>
    </ClInclude>
    <ClInclude Include="..\_source\include\xeffects\XEffects.h">
      <Filter>Headerdateien\xeffects</Filter>
    </ClInclude>
    <ClInclude Include="..\_source\include\state\CGameState.h">
      <Filter>Headerdateien\state</Filter>
    </ClInclude>
    <ClInclude Include="..\_source\include\scenenodes\CStartingGridSceneNode_Base.h">
      <Filter>Headerdateien\scenenodes</Filter>
    </ClInclude>
    <ClInclude Include="..\_source\include\scenenodes\CStartingGridSceneNode_Editor.h">
      <Filter>Headerdateien\scenenodes</Filter>
    </ClInclude>
    <ClInclude Include="..\_source\include\scenenodes\CStartingGridSceneNode.h">
      <Filter>Headerdateien\scenenodes</Filter>
    </ClInclude>
    <ClInclude Include="..\_source\include\gfx\SViewPort.h">
      <Filter>Headerdateien\gfx</Filter>
    </ClInclude>
    <ClInclude Include="..\_source\include\gameclasses\SPlayer.h">
      <Filter>Headerdateien\gameclasses</Filter>
    </ClInclude>
    <ClInclude Include="..\_source\include\gameclasses\SMarbleNodes.h">
      <Filter>Headerdateien\gameclasses</Filter>
    </ClInclude>
    <ClInclude Include="..\_source\include\gameclasses\CDynamicThread.h">
      <Filter>Headerdateien\gameclasses</Filter>
    </ClInclude>
    <ClInclude Include="..\_source\include\threads\IThread.h">
      <Filter>Headerdateien\threads</Filter>
    </ClInclude>
    <ClInclude Include="..\_source\include\gameclasses\COdeNodes.h">
      <Filter>Headerdateien\gameclasses</Filter>
    </ClInclude>
    <ClInclude Include="..\_source\include\_generated\messages\IDynamicThread.h">
      <Filter>Headerdateien\_generated\messages</Filter>
    </ClInclude>
    <ClInclude Include="..\_source\include\_generated\messages\IGameState.h">
      <Filter>Headerdateien\_generated\messages</Filter>
    </ClInclude>
    <ClInclude Include="..\_source\include\controller\CControllerFactory.h">
      <Filter>Headerdateien\controller</Filter>
    </ClInclude>
    <ClInclude Include="..\_source\include\controller\IController.h">
      <Filter>Headerdateien\controller</Filter>
    </ClInclude>
    <ClInclude Include="..\_source\include\controller\CMarbleController.h">
      <Filter>Headerdateien\controller</Filter>
    </ClInclude>
    <ClInclude Include="..\_source\include\gameclasses\ITriggerHandler.h">
      <Filter>Headerdateien\gameclasses</Filter>
    </ClInclude>
    <ClInclude Include="..\_source\include\scenenodes\CMyCameraAnimator.h">
      <Filter>Headerdateien\scenenodes</Filter>
    </ClInclude>
    <ClInclude Include="..\_source\include\scenenodes\CCheckpointNode.h">
      <Filter>Headerdateien\scenenodes</Filter>
    </ClInclude>
    <ClInclude Include="..\_source\include\scenenodes\CCheckpointNode_Editor.h">
      <Filter>Headerdateien\scenenodes</Filter>
    </ClInclude>
    <ClInclude Include="..\_source\include\scenenodes\CRespawnNode.h">
      <Filter>Headerdateien\scenenodes</Filter>
    </ClInclude>
    <ClInclude Include="..\_source\include\scenenodes\CRespawnNode_Editor.h">
      <Filter>Headerdateien\scenenodes</Filter>
    </ClInclude>
    <ClInclude Include="..\_source\include\scenenodes\CJointNode.h">
      <Filter>Headerdateien\scenenodes</Filter>
    </ClInclude>
    <ClInclude Include="..\_source\include\lua\CLuaPhysicsEntity.h">
      <Filter>Headerdateien\lua</Filter>
    </ClInclude>
    <ClInclude Include="..\_source\include\lua\CLuaScript_dynamics.h">
      <Filter>Headerdateien\lua</Filter>
    </ClInclude>
  </ItemGroup>
</Project>