
Microsoft Visual Studio Solution File, Format Version 12.00
# Visual Studio Version 16
VisualStudioVersion = 16.0.31129.286
MinimumVisualStudioVersion = 10.0.40219.1
Project("{8BC9CEB8-8B4A-11D0-8D11-00A0C91BC942}") = "MarbleGP", "MarbleGP.vcxproj", "{EE28F920-CD4D-45D6-859E-1E65759D2A03}"
EndProject
Project("{8BC9CEB8-8B4A-11D0-8D11-00A0C91BC942}") = "MarbleGP_Raspberry", "..\MarbleGP_Raspberry\MarbleGP_Raspberry.vcxproj", "{E46E2EBB-66AB-4E32-A629-5CB5199F1619}"
EndProject
Project("{2150E333-8FDC-42A3-9474-1A3956D46DE8}") = "MarbleGP_Android", "MarbleGP_Android", "{35DEC016-6CCC-4BD3-8039-DC77E1E05637}"
EndProject
Project("{39E2626F-3545-4960-A6E8-258AD8476CE5}") = "MarbleGP_Android.Packaging", "..\MarbleGP_Android\MarbleGP_Android.Packaging\MarbleGP_Android.Packaging.androidproj", "{791D3673-8B94-4D44-9A66-6F9E1B008739}"
EndProject
Project("{8BC9CEB8-8B4A-11D0-8D11-00A0C91BC942}") = "MarbleGP_Android.NativeActivity", "..\MarbleGP_Android\MarbleGP_Android.NativeActivity\MarbleGP_Android.NativeActivity.vcxproj", "{6DA6A2BA-4D86-4563-B588-472F66786EEA}"
EndProject
Global
	GlobalSection(SolutionConfigurationPlatforms) = preSolution
		Debug|ARM = Debug|ARM
		Debug|ARM64 = Debug|ARM64
		Debug|x64 = Debug|x64
		Debug|x86 = Debug|x86
		Release|ARM = Release|ARM
		Release|ARM64 = Release|ARM64
		Release|x64 = Release|x64
		Release|x86 = Release|x86
	EndGlobalSection
	GlobalSection(ProjectConfigurationPlatforms) = postSolution
		{EE28F920-CD4D-45D6-859E-1E65759D2A03}.Debug|ARM.ActiveCfg = Debug|Win32
		{EE28F920-CD4D-45D6-859E-1E65759D2A03}.Debug|ARM64.ActiveCfg = Debug|Win32
		{EE28F920-CD4D-45D6-859E-1E65759D2A03}.Debug|x64.ActiveCfg = Debug|x64
		{EE28F920-CD4D-45D6-859E-1E65759D2A03}.Debug|x64.Build.0 = Debug|x64
		{EE28F920-CD4D-45D6-859E-1E65759D2A03}.Debug|x86.ActiveCfg = Debug|Win32
		{EE28F920-CD4D-45D6-859E-1E65759D2A03}.Debug|x86.Build.0 = Debug|Win32
		{EE28F920-CD4D-45D6-859E-1E65759D2A03}.Release|ARM.ActiveCfg = Release|Win32
		{EE28F920-CD4D-45D6-859E-1E65759D2A03}.Release|ARM64.ActiveCfg = Release|Win32
		{EE28F920-CD4D-45D6-859E-1E65759D2A03}.Release|x64.ActiveCfg = Release|x64
		{EE28F920-CD4D-45D6-859E-1E65759D2A03}.Release|x64.Build.0 = Release|x64
		{EE28F920-CD4D-45D6-859E-1E65759D2A03}.Release|x86.ActiveCfg = Release|Win32
		{EE28F920-CD4D-45D6-859E-1E65759D2A03}.Release|x86.Build.0 = Release|Win32
		{E46E2EBB-66AB-4E32-A629-5CB5199F1619}.Debug|ARM.ActiveCfg = Debug|ARM
		{E46E2EBB-66AB-4E32-A629-5CB5199F1619}.Debug|ARM.Build.0 = Debug|ARM
		{E46E2EBB-66AB-4E32-A629-5CB5199F1619}.Debug|ARM.Deploy.0 = Debug|ARM
		{E46E2EBB-66AB-4E32-A629-5CB5199F1619}.Debug|ARM64.ActiveCfg = Debug|ARM64
		{E46E2EBB-66AB-4E32-A629-5CB5199F1619}.Debug|ARM64.Build.0 = Debug|ARM64
		{E46E2EBB-66AB-4E32-A629-5CB5199F1619}.Debug|ARM64.Deploy.0 = Debug|ARM64
		{E46E2EBB-66AB-4E32-A629-5CB5199F1619}.Debug|x64.ActiveCfg = Debug|ARM
		{E46E2EBB-66AB-4E32-A629-5CB5199F1619}.Debug|x86.ActiveCfg = Debug|ARM
		{E46E2EBB-66AB-4E32-A629-5CB5199F1619}.Release|ARM.ActiveCfg = Release|ARM
		{E46E2EBB-66AB-4E32-A629-5CB5199F1619}.Release|ARM.Build.0 = Release|ARM
		{E46E2EBB-66AB-4E32-A629-5CB5199F1619}.Release|ARM.Deploy.0 = Release|ARM
		{E46E2EBB-66AB-4E32-A629-5CB5199F1619}.Release|ARM64.ActiveCfg = Release|ARM64
		{E46E2EBB-66AB-4E32-A629-5CB5199F1619}.Release|ARM64.Build.0 = Release|ARM64
		{E46E2EBB-66AB-4E32-A629-5CB5199F1619}.Release|ARM64.Deploy.0 = Release|ARM64
		{E46E2EBB-66AB-4E32-A629-5CB5199F1619}.Release|x64.ActiveCfg = Release|ARM
		{E46E2EBB-66AB-4E32-A629-5CB5199F1619}.Release|x86.ActiveCfg = Release|ARM
		{791D3673-8B94-4D44-9A66-6F9E1B008739}.Debug|ARM.ActiveCfg = Debug|ARM
		{791D3673-8B94-4D44-9A66-6F9E1B008739}.Debug|ARM.Build.0 = Debug|ARM
		{791D3673-8B94-4D44-9A66-6F9E1B008739}.Debug|ARM.Deploy.0 = Debug|ARM
		{791D3673-8B94-4D44-9A66-6F9E1B008739}.Debug|ARM64.ActiveCfg = Debug|ARM64
		{791D3673-8B94-4D44-9A66-6F9E1B008739}.Debug|ARM64.Build.0 = Debug|ARM64
		{791D3673-8B94-4D44-9A66-6F9E1B008739}.Debug|ARM64.Deploy.0 = Debug|ARM64
		{791D3673-8B94-4D44-9A66-6F9E1B008739}.Debug|x64.ActiveCfg = Debug|x64
		{791D3673-8B94-4D44-9A66-6F9E1B008739}.Debug|x64.Build.0 = Debug|x64
		{791D3673-8B94-4D44-9A66-6F9E1B008739}.Debug|x64.Deploy.0 = Debug|x64
		{791D3673-8B94-4D44-9A66-6F9E1B008739}.Debug|x86.ActiveCfg = Debug|x86
		{791D3673-8B94-4D44-9A66-6F9E1B008739}.Debug|x86.Build.0 = Debug|x86
		{791D3673-8B94-4D44-9A66-6F9E1B008739}.Debug|x86.Deploy.0 = Debug|x86
		{791D3673-8B94-4D44-9A66-6F9E1B008739}.Release|ARM.ActiveCfg = Release|ARM
		{791D3673-8B94-4D44-9A66-6F9E1B008739}.Release|ARM.Build.0 = Release|ARM
		{791D3673-8B94-4D44-9A66-6F9E1B008739}.Release|ARM.Deploy.0 = Release|ARM
		{791D3673-8B94-4D44-9A66-6F9E1B008739}.Release|ARM64.ActiveCfg = Release|ARM64
		{791D3673-8B94-4D44-9A66-6F9E1B008739}.Release|ARM64.Build.0 = Release|ARM64
		{791D3673-8B94-4D44-9A66-6F9E1B008739}.Release|ARM64.Deploy.0 = Release|ARM64
		{791D3673-8B94-4D44-9A66-6F9E1B008739}.Release|x64.ActiveCfg = Release|x64
		{791D3673-8B94-4D44-9A66-6F9E1B008739}.Release|x64.Build.0 = Release|x64
		{791D3673-8B94-4D44-9A66-6F9E1B008739}.Release|x64.Deploy.0 = Release|x64
		{791D3673-8B94-4D44-9A66-6F9E1B008739}.Release|x86.ActiveCfg = Release|x86
		{791D3673-8B94-4D44-9A66-6F9E1B008739}.Release|x86.Build.0 = Release|x86
		{791D3673-8B94-4D44-9A66-6F9E1B008739}.Release|x86.Deploy.0 = Release|x86
		{6DA6A2BA-4D86-4563-B588-472F66786EEA}.Debug|ARM.ActiveCfg = Debug|ARM
		{6DA6A2BA-4D86-4563-B588-472F66786EEA}.Debug|ARM.Build.0 = Debug|ARM
		{6DA6A2BA-4D86-4563-B588-472F66786EEA}.Debug|ARM64.ActiveCfg = Debug|ARM64
		{6DA6A2BA-4D86-4563-B588-472F66786EEA}.Debug|ARM64.Build.0 = Debug|ARM64
		{6DA6A2BA-4D86-4563-B588-472F66786EEA}.Debug|x64.ActiveCfg = Debug|x64
		{6DA6A2BA-4D86-4563-B588-472F66786EEA}.Debug|x64.Build.0 = Debug|x64
		{6DA6A2BA-4D86-4563-B588-472F66786EEA}.Debug|x86.ActiveCfg = Debug|x86
		{6DA6A2BA-4D86-4563-B588-472F66786EEA}.Debug|x86.Build.0 = Debug|x86
		{6DA6A2BA-4D86-4563-B588-472F66786EEA}.Release|ARM.ActiveCfg = Release|ARM
		{6DA6A2BA-4D86-4563-B588-472F66786EEA}.Release|ARM.Build.0 = Release|ARM
		{6DA6A2BA-4D86-4563-B588-472F66786EEA}.Release|ARM64.ActiveCfg = Release|ARM64
		{6DA6A2BA-4D86-4563-B588-472F66786EEA}.Release|ARM64.Build.0 = Release|ARM64
		{6DA6A2BA-4D86-4563-B588-472F66786EEA}.Release|x64.ActiveCfg = Release|x64
		{6DA6A2BA-4D86-4563-B588-472F66786EEA}.Release|x64.Build.0 = Release|x64
		{6DA6A2BA-4D86-4563-B588-472F66786EEA}.Release|x86.ActiveCfg = Release|x86
		{6DA6A2BA-4D86-4563-B588-472F66786EEA}.Release|x86.Build.0 = Release|x86
	EndGlobalSection
	GlobalSection(SolutionProperties) = preSolution
		HideSolutionNode = FALSE
	EndGlobalSection
	GlobalSection(NestedProjects) = preSolution
		{791D3673-8B94-4D44-9A66-6F9E1B008739} = {35DEC016-6CCC-4BD3-8039-DC77E1E05637}
		{6DA6A2BA-4D86-4563-B588-472F66786EEA} = {35DEC016-6CCC-4BD3-8039-DC77E1E05637}
	EndGlobalSection
	GlobalSection(ExtensibilityGlobals) = postSolution
		SolutionGuid = {F456B684-5C02-4C23-8196-D4905D99CA1A}
	EndGlobalSection
EndGlobal
