
Microsoft Visual Studio Solution File, Format Version 12.00
# Visual Studio Version 16
VisualStudioVersion = 16.0.32002.261
MinimumVisualStudioVersion = 10.0.40219.1
Project("{2150E333-8FDC-42A3-9474-1A3956D46DE8}") = "MarbleGP_Android", "MarbleGP_Android", "{6D03AED8-9155-42C0-81A6-FECD46928825}"
EndProject
Project("{39E2626F-3545-4960-A6E8-258AD8476CE5}") = "MarbleGP_Android.Packaging", "MarbleGP_Android\MarbleGP_Android.Packaging\MarbleGP_Android.Packaging.androidproj", "{AE916BE5-2859-4F95-874A-4126D85535FB}"
EndProject
Project("{8BC9CEB8-8B4A-11D0-8D11-00A0C91BC942}") = "MarbleGP_Android.NativeActivity", "MarbleGP_Android\MarbleGP_Android.NativeActivity\MarbleGP_Android.NativeActivity.vcxproj", "{A7089204-3770-41B8-A147-2096481DEE56}"
EndProject
Global
	GlobalSection(SolutionConfigurationPlatforms) = preSolution
		Debug|ARM = Debug|ARM
		Debug|ARM64 = Debug|ARM64
		Release|ARM = Release|ARM
		Release|ARM64 = Release|ARM64
	EndGlobalSection
	GlobalSection(ProjectConfigurationPlatforms) = postSolution
		{AE916BE5-2859-4F95-874A-4126D85535FB}.Debug|ARM.ActiveCfg = Debug|ARM
		{AE916BE5-2859-4F95-874A-4126D85535FB}.Debug|ARM.Build.0 = Debug|ARM
		{AE916BE5-2859-4F95-874A-4126D85535FB}.Debug|ARM.Deploy.0 = Debug|ARM
		{AE916BE5-2859-4F95-874A-4126D85535FB}.Debug|ARM64.ActiveCfg = Debug|ARM64
		{AE916BE5-2859-4F95-874A-4126D85535FB}.Debug|ARM64.Build.0 = Debug|ARM64
		{AE916BE5-2859-4F95-874A-4126D85535FB}.Debug|ARM64.Deploy.0 = Debug|ARM64
		{AE916BE5-2859-4F95-874A-4126D85535FB}.Release|ARM.ActiveCfg = Release|ARM
		{AE916BE5-2859-4F95-874A-4126D85535FB}.Release|ARM.Build.0 = Release|ARM
		{AE916BE5-2859-4F95-874A-4126D85535FB}.Release|ARM.Deploy.0 = Release|ARM
		{AE916BE5-2859-4F95-874A-4126D85535FB}.Release|ARM64.ActiveCfg = Release|ARM64
		{AE916BE5-2859-4F95-874A-4126D85535FB}.Release|ARM64.Build.0 = Release|ARM64
		{AE916BE5-2859-4F95-874A-4126D85535FB}.Release|ARM64.Deploy.0 = Release|ARM64
		{A7089204-3770-41B8-A147-2096481DEE56}.Debug|ARM.ActiveCfg = Debug|ARM
		{A7089204-3770-41B8-A147-2096481DEE56}.Debug|ARM.Build.0 = Debug|ARM
		{A7089204-3770-41B8-A147-2096481DEE56}.Debug|ARM64.ActiveCfg = Debug|ARM64
		{A7089204-3770-41B8-A147-2096481DEE56}.Debug|ARM64.Build.0 = Debug|ARM64
		{A7089204-3770-41B8-A147-2096481DEE56}.Release|ARM.ActiveCfg = Release|ARM
		{A7089204-3770-41B8-A147-2096481DEE56}.Release|ARM.Build.0 = Release|ARM
		{A7089204-3770-41B8-A147-2096481DEE56}.Release|ARM64.ActiveCfg = Release|ARM64
		{A7089204-3770-41B8-A147-2096481DEE56}.Release|ARM64.Build.0 = Release|ARM64
	EndGlobalSection
	GlobalSection(SolutionProperties) = preSolution
		HideSolutionNode = FALSE
	EndGlobalSection
	GlobalSection(NestedProjects) = preSolution
		{AE916BE5-2859-4F95-874A-4126D85535FB} = {6D03AED8-9155-42C0-81A6-FECD46928825}
		{A7089204-3770-41B8-A147-2096481DEE56} = {6D03AED8-9155-42C0-81A6-FECD46928825}
	EndGlobalSection
	GlobalSection(ExtensibilityGlobals) = postSolution
		SolutionGuid = {F4C7267A-B8C1-4C5C-8F29-B441DCED2E77}
	EndGlobalSection
EndGlobal
