<?xml version="1.0" encoding="utf-8"?>
<Project ToolsVersion="4.0" xmlns="http://schemas.microsoft.com/developer/msbuild/2003">
  <ItemGroup>
    <ClInclude Include="pch.h" />
    <ClInclude Include="android_native_app_glue.h" />
    <ClInclude Include="..\..\..\..\_source\include\_generated\lua\CLuaScript_gamelogic.h">
      <Filter>Include\_generated\lua</Filter>
    </ClInclude>
    <ClInclude Include="..\..\..\..\_source\include\_generated\lua\CLuaScript_physics.h">
      <Filter>Include\_generated\lua</Filter>
    </ClInclude>
    <ClInclude Include="..\..\..\..\_source\include\_generated\lua\CLuaSingleton_gamelogic.h">
      <Filter>Include\_generated\lua</Filter>
    </ClInclude>
    <ClInclude Include="..\..\..\..\_source\include\_generated\lua\CLuaSingleton_physics.h">
      <Filter>Include\_generated\lua</Filter>
    </ClInclude>
    <ClInclude Include="..\..\..\..\_source\include\_generated\lua\lua_enums.h">
      <Filter>Include\_generated\lua</Filter>
    </ClInclude>
    <ClInclude Include="..\..\..\..\_source\include\_generated\lua\lua_tables.h">
      <Filter>Include\_generated\lua</Filter>
    </ClInclude>
    <ClInclude Include="..\..\..\..\_source\include\_generated\lua\LuaGuiElement.h">
      <Filter>Include\_generated\lua</Filter>
    </ClInclude>
    <ClInclude Include="..\..\..\..\_source\include\_generated\lua\LuaGuiStaticText.h">
      <Filter>Include\_generated\lua</Filter>
    </ClInclude>
    <ClInclude Include="..\..\..\..\_source\include\_generated\messages\CMessageEnums.h">
      <Filter>Include\_generated\messages</Filter>
    </ClInclude>
    <ClInclude Include="..\..\..\..\_source\include\_generated\messages\CMessageFactory.h">
      <Filter>Include\_generated\messages</Filter>
    </ClInclude>
    <ClInclude Include="..\..\..\..\_source\include\_generated\messages\CMessages.h">
      <Filter>Include\_generated\messages</Filter>
    </ClInclude>
    <ClInclude Include="..\..\..\..\_source\include\_generated\messages\IDynamicThread.h">
      <Filter>Include\_generated\messages</Filter>
    </ClInclude>
    <ClInclude Include="..\..\..\..\_source\include\_generated\messages\IGameState.h">
      <Filter>Include\_generated\messages</Filter>
    </ClInclude>
    <ClInclude Include="..\..\..\..\_source\include\controller\CControllerBase.h">
      <Filter>Include\controller</Filter>
    </ClInclude>
    <ClInclude Include="..\..\..\..\_source\include\controller\CControllerFactory.h">
      <Filter>Include\controller</Filter>
    </ClInclude>
    <ClInclude Include="..\..\..\..\_source\include\controller\CControllerGame.h">
      <Filter>Include\controller</Filter>
    </ClInclude>
    <ClInclude Include="..\..\..\..\_source\include\controller\CControllerMenu.h">
      <Filter>Include\controller</Filter>
    </ClInclude>
    <ClInclude Include="..\..\..\..\_source\include\controller\CMarbleController.h">
      <Filter>Include\controller</Filter>
    </ClInclude>
    <ClInclude Include="..\..\..\..\_source\include\controller\IController.h">
      <Filter>Include\controller</Filter>
    </ClInclude>
    <ClInclude Include="..\..\..\..\_source\include\extensions\gui_freetype_font.h">
      <Filter>Include\extensions</Filter>
    </ClInclude>
    <ClInclude Include="..\..\..\..\_source\include\gameclasses\CDynamicThread.h">
      <Filter>Include\gameclasses</Filter>
    </ClInclude>
    <ClInclude Include="..\..\..\..\_source\include\gameclasses\COdeNodes.h">
      <Filter>Include\gameclasses</Filter>
    </ClInclude>
    <ClInclude Include="..\..\..\..\_source\include\gameclasses\ITriggerHandler.h">
      <Filter>Include\gameclasses</Filter>
    </ClInclude>
    <ClInclude Include="..\..\..\..\_source\include\gameclasses\SMarbleNodes.h">
      <Filter>Include\gameclasses</Filter>
    </ClInclude>
    <ClInclude Include="..\..\..\..\_source\include\gameclasses\SPlayer.h">
      <Filter>Include\gameclasses</Filter>
    </ClInclude>
    <ClInclude Include="..\..\..\..\_source\include\gfx\SViewPort.h">
      <Filter>Include\gfx</Filter>
    </ClInclude>
    <ClInclude Include="..\..\..\..\_source\include\gui\CButtonRenderer.h">
      <Filter>Include\gui</Filter>
    </ClInclude>
    <ClInclude Include="..\..\..\..\_source\include\gui\CClipImage.h">
      <Filter>Include\gui</Filter>
    </ClInclude>
    <ClInclude Include="..\..\..\..\_source\include\gui\CControllerUi.h">
      <Filter>Include\gui</Filter>
    </ClInclude>
    <ClInclude Include="..\..\..\..\_source\include\gui\CDialog.h">
      <Filter>Include\gui</Filter>
    </ClInclude>
    <ClInclude Include="..\..\..\..\_source\include\gui\CDustbinCheckbox.h">
      <Filter>Include\gui</Filter>
    </ClInclude>
    <ClInclude Include="..\..\..\..\_source\include\gui\CGuiItemFactory.h">
      <Filter>Include\gui</Filter>
    </ClInclude>
    <ClInclude Include="..\..\..\..\_source\include\gui\CMenuBackground.h">
      <Filter>Include\gui</Filter>
    </ClInclude>
    <ClInclude Include="..\..\..\..\_source\include\gui\CMenuButton.h">
      <Filter>Include\gui</Filter>
    </ClInclude>
    <ClInclude Include="..\..\..\..\_source\include\gui\CReactiveLabel.h">
      <Filter>Include\gui</Filter>
    </ClInclude>
    <ClInclude Include="..\..\..\..\_source\include\gui\CSelector.h">
      <Filter>Include\gui</Filter>
    </ClInclude>
    <ClInclude Include="..\..\..\..\_source\include\gui\CTrackButton.h">
      <Filter>Include\gui</Filter>
    </ClInclude>
    <ClInclude Include="..\..\..\..\_source\include\lua\CLuaCamera.h">
      <Filter>Include\lua</Filter>
    </ClInclude>
    <ClInclude Include="..\..\..\..\_source\include\lua\CLuaGui.h">
      <Filter>Include\lua</Filter>
    </ClInclude>
    <ClInclude Include="..\..\..\..\_source\include\lua\CLuaGuiItem.h">
      <Filter>Include\lua</Filter>
    </ClInclude>
    <ClInclude Include="..\..\..\..\_source\include\lua\CLuaHelpers.h">
      <Filter>Include\lua</Filter>
    </ClInclude>
    <ClInclude Include="..\..\..\..\_source\include\lua\CLuaPhysicsEntity.h">
      <Filter>Include\lua</Filter>
    </ClInclude>
    <ClInclude Include="..\..\..\..\_source\include\lua\CLuaSceneManager.h">
      <Filter>Include\lua</Filter>
    </ClInclude>
    <ClInclude Include="..\..\..\..\_source\include\lua\CLuaSceneNode.h">
      <Filter>Include\lua</Filter>
    </ClInclude>
    <ClInclude Include="..\..\..\..\_source\include\lua\CLuaScript_dialog.h">
      <Filter>Include\lua</Filter>
    </ClInclude>
    <ClInclude Include="..\..\..\..\_source\include\lua\CLuaSingleton_audio.h">
      <Filter>Include\lua</Filter>
    </ClInclude>
    <ClInclude Include="..\..\..\..\_source\include\lua\CLuaSingleton_system.h">
      <Filter>Include\lua</Filter>
    </ClInclude>
    <ClInclude Include="..\..\..\..\_source\include\lua\ILuaClass.h">
      <Filter>Include\lua</Filter>
    </ClInclude>
    <ClInclude Include="..\..\..\..\_source\include\lua\ILuaObject.h">
      <Filter>Include\lua</Filter>
    </ClInclude>
    <ClInclude Include="..\..\..\..\_source\include\lua\luawrap.hpp">
      <Filter>Include\lua</Filter>
    </ClInclude>
    <ClInclude Include="..\..\..\..\_source\include\messages\CMessageHelpers.h">
      <Filter>Include\messages</Filter>
    </ClInclude>
    <ClInclude Include="..\..\..\..\_source\include\messages\CSerializer64.h">
      <Filter>Include\messages</Filter>
    </ClInclude>
    <ClInclude Include="..\..\..\..\_source\include\messages\IMessage.h">
      <Filter>Include\messages</Filter>
    </ClInclude>
    <ClInclude Include="..\..\..\..\_source\include\messages\ISerializer.h">
      <Filter>Include\messages</Filter>
    </ClInclude>
    <ClInclude Include="..\..\..\..\_source\include\platform\CPlatform.h">
      <Filter>Include\platform</Filter>
    </ClInclude>
    <ClInclude Include="..\..\..\..\_source\include\scenenodes\CCheckpointNode.h">
      <Filter>Include\scenenodes</Filter>
    </ClInclude>
    <ClInclude Include="..\..\..\..\_source\include\scenenodes\CCheckpointNode_Editor.h">
      <Filter>Include\scenenodes</Filter>
    </ClInclude>
    <ClInclude Include="..\..\..\..\_source\include\scenenodes\CDustbinId.h">
      <Filter>Include\scenenodes</Filter>
    </ClInclude>
    <ClInclude Include="..\..\..\..\_source\include\scenenodes\CJointNode.h">
      <Filter>Include\scenenodes</Filter>
    </ClInclude>
    <ClInclude Include="..\..\..\..\_source\include\scenenodes\CMarbleGPSceneNodeFactory.h">
      <Filter>Include\scenenodes</Filter>
    </ClInclude>
    <ClInclude Include="..\..\..\..\_source\include\scenenodes\CMarbleGPSceneNodeFactoryEditor.h">
      <Filter>Include\scenenodes</Filter>
    </ClInclude>
    <ClInclude Include="..\..\..\..\_source\include\scenenodes\CMarbleGPSceneNodes.h">
      <Filter>Include\scenenodes</Filter>
    </ClInclude>
    <ClInclude Include="..\..\..\..\_source\include\scenenodes\CMyCameraAnimator.h">
      <Filter>Include\scenenodes</Filter>
    </ClInclude>
    <ClInclude Include="..\..\..\..\_source\include\scenenodes\CPhysicsNode.h">
      <Filter>Include\scenenodes</Filter>
    </ClInclude>
    <ClInclude Include="..\..\..\..\_source\include\scenenodes\CRespawnNode.h">
      <Filter>Include\scenenodes</Filter>
    </ClInclude>
    <ClInclude Include="..\..\..\..\_source\include\scenenodes\CRespawnNode_Editor.h">
      <Filter>Include\scenenodes</Filter>
    </ClInclude>
    <ClInclude Include="..\..\..\..\_source\include\scenenodes\CSkyBoxFix.h">
      <Filter>Include\scenenodes</Filter>
    </ClInclude>
    <ClInclude Include="..\..\..\..\_source\include\scenenodes\CStartingGridSceneNode.h">
      <Filter>Include\scenenodes</Filter>
    </ClInclude>
    <ClInclude Include="..\..\..\..\_source\include\scenenodes\CStartingGridSceneNode_Base.h">
      <Filter>Include\scenenodes</Filter>
    </ClInclude>
    <ClInclude Include="..\..\..\..\_source\include\scenenodes\CStartingGridSceneNode_Editor.h">
      <Filter>Include\scenenodes</Filter>
    </ClInclude>
    <ClInclude Include="..\..\..\..\_source\include\scenenodes\CWorldNode.h">
      <Filter>Include\scenenodes</Filter>
    </ClInclude>
    <ClInclude Include="..\..\..\..\_source\include\shader\CMyShaderNone.h">
      <Filter>Include\shader</Filter>
    </ClInclude>
    <ClInclude Include="..\..\..\..\_source\include\shader\CShaderHandlerBase.h">
      <Filter>Include\shader</Filter>
    </ClInclude>
    <ClInclude Include="..\..\..\..\_source\include\sound\CSoundData.h">
      <Filter>Include\sound</Filter>
    </ClInclude>
    <ClInclude Include="..\..\..\..\_source\include\sound\CSoundEnums.h">
      <Filter>Include\sound</Filter>
    </ClInclude>
    <ClInclude Include="..\..\..\..\_source\include\sound\CSoundInterface.h">
      <Filter>Include\sound</Filter>
    </ClInclude>
    <ClInclude Include="..\..\..\..\_source\include\sound\OggHelpers.h">
      <Filter>Include\sound</Filter>
    </ClInclude>
    <ClInclude Include="..\..\..\..\_source\include\state\CErrorState.h">
      <Filter>Include\state</Filter>
    </ClInclude>
    <ClInclude Include="..\..\..\..\_source\include\state\CGameState.h">
      <Filter>Include\state</Filter>
    </ClInclude>
    <ClInclude Include="..\..\..\..\_source\include\state\CLuaState.h">
      <Filter>Include\state</Filter>
    </ClInclude>
    <ClInclude Include="..\..\..\..\_source\include\state\IState.h">
      <Filter>Include\state</Filter>
    </ClInclude>
    <ClInclude Include="..\..\..\..\_source\include\threads\CMessageQueue.h">
      <Filter>Include\threads</Filter>
    </ClInclude>
    <ClInclude Include="..\..\..\..\_source\include\threads\IQueue.h">
      <Filter>Include\threads</Filter>
    </ClInclude>
    <ClInclude Include="..\..\..\..\_source\include\threads\IThread.h">
      <Filter>Include\threads</Filter>
    </ClInclude>
    <ClInclude Include="..\..\..\..\_source\include\CGlobal.h">
      <Filter>Include</Filter>
    </ClInclude>
    <ClInclude Include="..\..\..\..\_source\include\CMainClass.h">
      <Filter>Include</Filter>
    </ClInclude>
  </ItemGroup>
  <ItemGroup>
    <ClCompile Include="android_native_app_glue.c" />
    <ClCompile Include="main.cpp" />
    <ClCompile Include="..\..\..\..\_source\include\_generated\lua\LuaGuiElement.cpp">
      <Filter>Include\_generated\lua</Filter>
    </ClCompile>
    <ClCompile Include="..\..\..\..\_source\include\_generated\lua\LuaGuiStaticText.cpp">
      <Filter>Include\_generated\lua</Filter>
    </ClCompile>
    <ClCompile Include="..\..\..\..\_source\source\_generated\lua\lua_binding.cpp">
      <Filter>Source\_generated\lua</Filter>
    </ClCompile>
    <ClCompile Include="..\..\..\..\_source\source\_generated\lua\lua_enums.cpp">
      <Filter>Source\_generated\lua</Filter>
    </ClCompile>
    <ClCompile Include="..\..\..\..\_source\source\_generated\lua\lua_tables.cpp">
      <Filter>Source\_generated\lua</Filter>
    </ClCompile>
    <ClCompile Include="..\..\..\..\_source\source\_generated\messages\CMessageFactory.cpp">
      <Filter>Source\_generated\messages</Filter>
    </ClCompile>
    <ClCompile Include="..\..\..\..\_source\source\_generated\messages\CMessages.cpp">
      <Filter>Source\_generated\messages</Filter>
    </ClCompile>
    <ClCompile Include="..\..\..\..\_source\source\_generated\messages\IDynamicThread.cpp">
      <Filter>Source\_generated\messages</Filter>
    </ClCompile>
    <ClCompile Include="..\..\..\..\_source\source\_generated\messages\IGameState.cpp">
      <Filter>Source\_generated\messages</Filter>
    </ClCompile>
    <ClCompile Include="..\..\..\..\_source\source\controller\CControllerBase.cpp">
      <Filter>Source\controller</Filter>
    </ClCompile>
    <ClCompile Include="..\..\..\..\_source\source\controller\CControllerFactory.cpp">
      <Filter>Source\controller</Filter>
    </ClCompile>
    <ClCompile Include="..\..\..\..\_source\source\controller\CControllerGame.cpp">
      <Filter>Source\controller</Filter>
    </ClCompile>
    <ClCompile Include="..\..\..\..\_source\source\controller\CControllerMenu.cpp">
      <Filter>Source\controller</Filter>
    </ClCompile>
    <ClCompile Include="..\..\..\..\_source\source\controller\CMarbleController.cpp">
      <Filter>Source\controller</Filter>
    </ClCompile>
    <ClCompile Include="..\..\..\..\_source\source\extensions\gui_freetype_font.cpp">
      <Filter>Source\extensions</Filter>
    </ClCompile>
    <ClCompile Include="..\..\..\..\_source\source\gameclasses\CDynamicThread.cpp">
      <Filter>Source\gameclasses</Filter>
    </ClCompile>
    <ClCompile Include="..\..\..\..\_source\source\gameclasses\COdeNodes.cpp">
      <Filter>Source\gameclasses</Filter>
    </ClCompile>
    <ClCompile Include="..\..\..\..\_source\source\gui\CButtonRenderer.cpp">
      <Filter>Source\gui</Filter>
    </ClCompile>
    <ClCompile Include="..\..\..\..\_source\source\gui\CClipImage.cpp">
      <Filter>Source\gui</Filter>
    </ClCompile>
    <ClCompile Include="..\..\..\..\_source\source\gui\CControllerUi.cpp">
      <Filter>Source\gui</Filter>
    </ClCompile>
    <ClCompile Include="..\..\..\..\_source\source\gui\CDialog.cpp">
      <Filter>Source\gui</Filter>
    </ClCompile>
    <ClCompile Include="..\..\..\..\_source\source\gui\CDustbinCheckbox.cpp">
      <Filter>Source\gui</Filter>
    </ClCompile>
    <ClCompile Include="..\..\..\..\_source\source\gui\CGuiItemFactory.cpp">
      <Filter>Source\gui</Filter>
    </ClCompile>
    <ClCompile Include="..\..\..\..\_source\source\gui\CMenuBackground.cpp">
      <Filter>Source\gui</Filter>
    </ClCompile>
    <ClCompile Include="..\..\..\..\_source\source\gui\CMenuButton.cpp">
      <Filter>Source\gui</Filter>
    </ClCompile>
    <ClCompile Include="..\..\..\..\_source\source\gui\CReactiveLabel.cpp">
      <Filter>Source\gui</Filter>
    </ClCompile>
    <ClCompile Include="..\..\..\..\_source\source\gui\CSelector.cpp">
      <Filter>Source\gui</Filter>
    </ClCompile>
    <ClCompile Include="..\..\..\..\_source\source\gui\CTrackButton.cpp">
      <Filter>Source\gui</Filter>
    </ClCompile>
    <ClCompile Include="..\..\..\..\_source\source\lua\CLuaCamera.cpp">
      <Filter>Source\lua</Filter>
    </ClCompile>
    <ClCompile Include="..\..\..\..\_source\source\lua\CLuaGuiItem.cpp">
      <Filter>Source\lua</Filter>
    </ClCompile>
    <ClCompile Include="..\..\..\..\_source\source\lua\CLuaHelpers.cpp">
      <Filter>Source\lua</Filter>
    </ClCompile>
    <ClCompile Include="..\..\..\..\_source\source\lua\CLuaPhysics.cpp">
      <Filter>Source\lua</Filter>
    </ClCompile>
    <ClCompile Include="..\..\..\..\_source\source\lua\CLuaPhysicsEntity.cpp">
      <Filter>Source\lua</Filter>
    </ClCompile>
    <ClCompile Include="..\..\..\..\_source\source\lua\CLuaSceneManager.cpp">
      <Filter>Source\lua</Filter>
    </ClCompile>
    <ClCompile Include="..\..\..\..\_source\source\lua\CLuaSceneNode.cpp">
      <Filter>Source\lua</Filter>
    </ClCompile>
    <ClCompile Include="..\..\..\..\_source\source\lua\CLuaScript_dialog.cpp">
      <Filter>Source\lua</Filter>
    </ClCompile>
    <ClCompile Include="..\..\..\..\_source\source\lua\CLuaSingleton_audio.cpp">
      <Filter>Source\lua</Filter>
    </ClCompile>
    <ClCompile Include="..\..\..\..\_source\source\lua\CLuaSingleton_gamelogic.cpp">
      <Filter>Source\lua</Filter>
    </ClCompile>
    <ClCompile Include="..\..\..\..\_source\source\lua\CLuaSingleton_system.cpp">
      <Filter>Source\lua</Filter>
    </ClCompile>
    <ClCompile Include="..\..\..\..\_source\source\lua\ILuaClass.cpp">
      <Filter>Source\lua</Filter>
    </ClCompile>
    <ClCompile Include="..\..\..\..\_source\source\lua\luawrap.cpp">
      <Filter>Source\lua</Filter>
    </ClCompile>
    <ClCompile Include="..\..\..\..\_source\source\messages\CMessageHelpers.cpp">
      <Filter>Source\messages</Filter>
    </ClCompile>
    <ClCompile Include="..\..\..\..\_source\source\messages\CSerializer64.cpp">
      <Filter>Source\messages</Filter>
    </ClCompile>
    <ClCompile Include="..\..\..\..\_source\source\scenenodes\CCheckpointNode.cpp">
      <Filter>Source\scenenodes</Filter>
    </ClCompile>
    <ClCompile Include="..\..\..\..\_source\source\scenenodes\CCheckpointNode_Editor.cpp">
      <Filter>Source\scenenodes</Filter>
    </ClCompile>
    <ClCompile Include="..\..\..\..\_source\source\scenenodes\CDustbinId.cpp">
      <Filter>Source\scenenodes</Filter>
    </ClCompile>
    <ClCompile Include="..\..\..\..\_source\source\scenenodes\CJointNode.cpp">
      <Filter>Source\scenenodes</Filter>
    </ClCompile>
    <ClCompile Include="..\..\..\..\_source\source\scenenodes\CMarbleGPSceneNodeFactory.cpp">
      <Filter>Source\scenenodes</Filter>
    </ClCompile>
    <ClCompile Include="..\..\..\..\_source\source\scenenodes\CMarbleGPSceneNodeFactoryEditor.cpp">
      <Filter>Source\scenenodes</Filter>
    </ClCompile>
    <ClCompile Include="..\..\..\..\_source\source\scenenodes\CMarbleGPSceneNodes.cpp">
      <Filter>Source\scenenodes</Filter>
    </ClCompile>
    <ClCompile Include="..\..\..\..\_source\source\scenenodes\CMyCameraAnimator.cpp">
      <Filter>Source\scenenodes</Filter>
    </ClCompile>
    <ClCompile Include="..\..\..\..\_source\source\scenenodes\CPhysicsNode.cpp">
      <Filter>Source\scenenodes</Filter>
    </ClCompile>
    <ClCompile Include="..\..\..\..\_source\source\scenenodes\CRespawnNode.cpp">
      <Filter>Source\scenenodes</Filter>
    </ClCompile>
    <ClCompile Include="..\..\..\..\_source\source\scenenodes\CRespawnNode_Editor.cpp">
      <Filter>Source\scenenodes</Filter>
    </ClCompile>
    <ClCompile Include="..\..\..\..\_source\source\scenenodes\CSkyBoxFix.cpp">
      <Filter>Source\scenenodes</Filter>
    </ClCompile>
    <ClCompile Include="..\..\..\..\_source\source\scenenodes\CStartingGridSceneNode.cpp">
      <Filter>Source\scenenodes</Filter>
    </ClCompile>
    <ClCompile Include="..\..\..\..\_source\source\scenenodes\CStartingGridSceneNode_Base.cpp">
      <Filter>Source\scenenodes</Filter>
    </ClCompile>
    <ClCompile Include="..\..\..\..\_source\source\scenenodes\CStartingGridSceneNode_Editor.cpp">
      <Filter>Source\scenenodes</Filter>
    </ClCompile>
    <ClCompile Include="..\..\..\..\_source\source\scenenodes\CWorldNode.cpp">
      <Filter>Source\scenenodes</Filter>
    </ClCompile>
    <ClCompile Include="..\..\..\..\_source\source\shader\CShaderHandlerBase.cpp">
      <Filter>Source\shader</Filter>
    </ClCompile>
    <ClCompile Include="..\..\..\..\_source\source\shader\CShaderHandlerNone.cpp">
      <Filter>Source\shader</Filter>
    </ClCompile>
    <ClCompile Include="..\..\..\..\_source\source\sound\CSoundData.cpp">
      <Filter>Source\sound</Filter>
    </ClCompile>
    <ClCompile Include="..\..\..\..\_source\source\sound\CSoundInterface.cpp">
      <Filter>Source\sound</Filter>
    </ClCompile>
    <ClCompile Include="..\..\..\..\_source\source\sound\OggHelpers.cpp">
      <Filter>Source\sound</Filter>
    </ClCompile>
    <ClCompile Include="..\..\..\..\_source\source\state\CErrorState.cpp">
      <Filter>Source\state</Filter>
    </ClCompile>
    <ClCompile Include="..\..\..\..\_source\source\state\CGameState.cpp">
      <Filter>Source\state</Filter>
    </ClCompile>
    <ClCompile Include="..\..\..\..\_source\source\state\CLuaState.cpp">
      <Filter>Source\state</Filter>
    </ClCompile>
    <ClCompile Include="..\..\..\..\_source\source\threads\CMessageQueue.cpp">
      <Filter>Source\threads</Filter>
    </ClCompile>
    <ClCompile Include="..\..\..\..\_source\source\CGlobal.cpp">
      <Filter>Source</Filter>
    </ClCompile>
    <ClCompile Include="..\..\..\..\_source\source\CMainClass.cpp">
      <Filter>Source</Filter>
    </ClCompile>
    <ClCompile Include="..\..\..\..\_source\source\platform\CPlatformAndroid.cpp">
      <Filter>Source\platform</Filter>
    </ClCompile>
  </ItemGroup>
  <ItemGroup>
    <Filter Include="Include">
      <UniqueIdentifier>{ec2c989d-882a-4a2c-90b5-c3094a283c01}</UniqueIdentifier>
    </Filter>
    <Filter Include="Include\_generated">
      <UniqueIdentifier>{901b38a8-8dea-44a4-8a25-b37cb3a17150}</UniqueIdentifier>
    </Filter>
    <Filter Include="Include\_generated\lua">
      <UniqueIdentifier>{d0001444-ffba-4e00-be2a-4dd9d0570a90}</UniqueIdentifier>
    </Filter>
    <Filter Include="Include\_generated\messages">
      <UniqueIdentifier>{33465c4a-e461-4b12-8221-5925cdd4af41}</UniqueIdentifier>
    </Filter>
    <Filter Include="Include\controller">
      <UniqueIdentifier>{f128dfe9-570a-4264-a232-d4e3d55ec991}</UniqueIdentifier>
    </Filter>
    <Filter Include="Include\extensions">
      <UniqueIdentifier>{50c6f445-51ba-43c6-a63e-91353750aaf8}</UniqueIdentifier>
    </Filter>
    <Filter Include="Include\gameclasses">
      <UniqueIdentifier>{444c3080-b6b8-431b-ac0a-a1a0bb54d3c8}</UniqueIdentifier>
    </Filter>
    <Filter Include="Include\gfx">
      <UniqueIdentifier>{f753cec4-6eb7-4109-95d0-16bf75198384}</UniqueIdentifier>
    </Filter>
    <Filter Include="Include\gui">
      <UniqueIdentifier>{e951c1d7-ca74-4ba6-a37a-c2ab68bab4e4}</UniqueIdentifier>
    </Filter>
    <Filter Include="Include\lua">
      <UniqueIdentifier>{7ded69df-900b-42db-bb18-5a1c38113517}</UniqueIdentifier>
    </Filter>
    <Filter Include="Include\messages">
      <UniqueIdentifier>{ecd8a4da-e8c5-4a91-bfb9-1470737abd0a}</UniqueIdentifier>
    </Filter>
    <Filter Include="Include\platform">
      <UniqueIdentifier>{87883510-c362-485d-bc13-d5d33fe4f5ed}</UniqueIdentifier>
    </Filter>
    <Filter Include="Include\scenenodes">
      <UniqueIdentifier>{c0cf5b3a-fd0f-44a3-9763-c444a608c8bd}</UniqueIdentifier>
    </Filter>
    <Filter Include="Include\shader">
      <UniqueIdentifier>{537b041b-c92e-4468-b71f-5a13a79edce6}</UniqueIdentifier>
    </Filter>
    <Filter Include="Include\sound">
      <UniqueIdentifier>{9468ed95-b850-4ee3-9109-084bb526b0d6}</UniqueIdentifier>
    </Filter>
    <Filter Include="Include\state">
      <UniqueIdentifier>{6ace4817-9ce4-4698-8e63-3faa1983b2f1}</UniqueIdentifier>
    </Filter>
    <Filter Include="Include\threads">
      <UniqueIdentifier>{49c15594-0512-4a1d-9fd6-d90e01b260fc}</UniqueIdentifier>
    </Filter>
    <Filter Include="Source">
      <UniqueIdentifier>{15e8603d-7f4b-4ceb-9069-f8a5e8cbb4a3}</UniqueIdentifier>
    </Filter>
    <Filter Include="Source\_generated">
      <UniqueIdentifier>{04f1a97e-61b6-4a77-8e10-1a69dba49a61}</UniqueIdentifier>
    </Filter>
    <Filter Include="Source\_generated\lua">
      <UniqueIdentifier>{87b99778-4c47-4874-b2a9-e74049559f5e}</UniqueIdentifier>
    </Filter>
    <Filter Include="Source\_generated\messages">
      <UniqueIdentifier>{42882c02-bb8d-4c44-bb78-35c565d3664e}</UniqueIdentifier>
    </Filter>
    <Filter Include="Source\controller">
      <UniqueIdentifier>{27ca5d12-e649-4ad1-a9f1-cc682d35a671}</UniqueIdentifier>
    </Filter>
    <Filter Include="Source\extensions">
      <UniqueIdentifier>{4b391e8f-67c3-4fcb-8433-76367b433338}</UniqueIdentifier>
    </Filter>
    <Filter Include="Source\gameclasses">
      <UniqueIdentifier>{0ddee163-1819-456b-929f-ccce6e9d73a2}</UniqueIdentifier>
    </Filter>
    <Filter Include="Source\gui">
      <UniqueIdentifier>{e05be258-5776-4fb8-802c-931cc6033d2b}</UniqueIdentifier>
    </Filter>
    <Filter Include="Source\lua">
      <UniqueIdentifier>{1a45ccd4-5b32-43dd-b8d4-57f97631344c}</UniqueIdentifier>
    </Filter>
    <Filter Include="Source\messages">
      <UniqueIdentifier>{b7e12e5b-1828-4a64-9309-6a0b05fcbdff}</UniqueIdentifier>
    </Filter>
    <Filter Include="Source\platform">
      <UniqueIdentifier>{228be445-9c2d-4cb6-b0bc-9663c3a36350}</UniqueIdentifier>
    </Filter>
    <Filter Include="Source\scenenodes">
      <UniqueIdentifier>{bc3a3c3f-01db-44dc-bc50-86c12c59c0ae}</UniqueIdentifier>
    </Filter>
    <Filter Include="Source\shader">
      <UniqueIdentifier>{e832de8f-cbc5-4f1c-b8b4-2c014155cb27}</UniqueIdentifier>
    </Filter>
    <Filter Include="Source\sound">
      <UniqueIdentifier>{c5d55103-3a63-4ccb-983d-d7eb128ce6a6}</UniqueIdentifier>
    </Filter>
    <Filter Include="Source\state">
      <UniqueIdentifier>{c269e27d-c18c-4426-b758-4f5a70a411e7}</UniqueIdentifier>
    </Filter>
    <Filter Include="Source\threads">
      <UniqueIdentifier>{cd93a3d9-e92c-4628-b069-8e63195b8753}</UniqueIdentifier>
    </Filter>
  </ItemGroup>
</Project>